PODS:
  - FMDB (2.7.5):
    - FMDB/standard (= 2.7.5)
  - FMDB/standard (2.7.5)
  - LKDBHelper (2.5.8):
    - LKDBHelper/standard (= 2.5.8)
  - LKDBHelper/standard (2.5.8):
    - FMDB

DEPENDENCIES:
  - LKDBHelper (from `../`)

SPEC REPOS:
  trunk:
    - FMDB

EXTERNAL SOURCES:
  LKDBHelper:
    :path: "../"

SPEC CHECKSUMS:
  FMDB: 2ce00b547f966261cd18927a3ddb07cb6f3db82a
  LKDBHelper: f74f6b4de67fffa578412052c6aa23ecf952dae2

PODFILE CHECKSUM: b9c1948f10a28d51b2e02ab96e4f7eb69e105bd8

COCOAPODS: 1.10.2
