PODS:
  - FMDB (2.7.12):
    - FMDB/standard (= 2.7.12)
  - FMDB/Core (2.7.12)
  - FMDB/standard (2.7.12):
    - FMDB/Core
  - LKDBHelper (2.7.3):
    - LKDBHelper/standard (= 2.7.3)
  - LKDBHelper/standard (2.7.3):
    - FMDB

DEPENDENCIES:
  - LKDBHelper (from `../`)

SPEC REPOS:
  trunk:
    - FMDB

EXTERNAL SOURCES:
  LKDBHelper:
    :path: "../"

SPEC CHECKSUMS:
  FMDB: 728731dd336af3936ce00f91d9d8495f5718a0e6
  LKDBHelper: 4957629271ef8f05f6d57f29153a8602c2288ac7

PODFILE CHECKSUM: 3036fcd6ce1836b8991dd76295e80c1c192e0997

COCOAPODS: 1.16.2
