PODS:
  - FMDB (2.6.2):
    - FMDB/standard (= 2.6.2)
  - FMDB/standard (2.6.2)
  - LKDBHelper (2.4.2):
    - FMDB

DEPENDENCIES:
  - LKDBHelper (from `../`)

EXTERNAL SOURCES:
  LKDBHelper:
    :path: ../

SPEC CHECKSUMS:
  FMDB: 854a0341b4726e53276f2a8996f06f1b80f9259a
  LKDBHelper: ab67373b32f47463bf5f838d730f225824f4492a

PODFILE CHECKSUM: 55aa9e60a0c0196dcfede16e2e14ab1a75b79fef

COCOAPODS: 1.1.1
