PODS:
  - FMDB (2.6.2):
    - FMDB/standard (= 2.6.2)
  - FMDB/standard (2.6.2)
  - LKDBHelper (2.3.2):
    - FMDB

DEPENDENCIES:
  - LKDBHelper

SPEC CHECKSUMS:
  FMDB: 854a0341b4726e53276f2a8996f06f1b80f9259a
  LKDBHelper: 282cb4e56541e8f07d430465700bf2b891837a44

PODFILE CHECKSUM: ed29d60a42995845b9d80a336b783a78e6ce4ba3

COCOAPODS: 1.0.1
