// !$*UTF8*$!
{
	archiveVersion = 1;
	classes = {
	};
	objectVersion = 46;
	objects = {

/* Begin PBXBuildFile section */
		36128E1D1BF5698100E0A050 /* LKDB+Mapping.m in Sources */ = {isa = PBXBuildFile; fileRef = 36128E141BF5698100E0A050 /* LKDB+Mapping.m */; };
		36128E1E1BF5698100E0A050 /* LKDBHelper.m in Sources */ = {isa = PBXBuildFile; fileRef = 36128E161BF5698100E0A050 /* LKDBHelper.m */; };
		36128E1F1BF5698100E0A050 /* LKDBUtils.m in Sources */ = {isa = PBXBuildFile; fileRef = 36128E181BF5698100E0A050 /* LKDBUtils.m */; };
		36128E201BF5698100E0A050 /* NSObject+LKDBHelper.m in Sources */ = {isa = PBXBuildFile; fileRef = 36128E1A1BF5698100E0A050 /* NSObject+LKDBHelper.m */; };
		36128E211BF5698100E0A050 /* NSObject+LKModel.m in Sources */ = {isa = PBXBuildFile; fileRef = 36128E1C1BF5698100E0A050 /* NSObject+LKModel.m */; };
		36128E231BF5699400E0A050 /* 41.png in Resources */ = {isa = PBXBuildFile; fileRef = 36128E221BF5699400E0A050 /* 41.png */; };
		36128E331BF569B500E0A050 /* FMDatabase+InMemoryOnDiskIO.m in Sources */ = {isa = PBXBuildFile; fileRef = 36128E271BF569B500E0A050 /* FMDatabase+InMemoryOnDiskIO.m */; };
		36128E341BF569B500E0A050 /* FMDatabase.m in Sources */ = {isa = PBXBuildFile; fileRef = 36128E2A1BF569B500E0A050 /* FMDatabase.m */; };
		36128E351BF569B500E0A050 /* FMDatabaseAdditions.m in Sources */ = {isa = PBXBuildFile; fileRef = 36128E2C1BF569B500E0A050 /* FMDatabaseAdditions.m */; };
		36128E361BF569B500E0A050 /* FMDatabasePool.m in Sources */ = {isa = PBXBuildFile; fileRef = 36128E2E1BF569B500E0A050 /* FMDatabasePool.m */; };
		36128E371BF569B500E0A050 /* FMDatabaseQueue.m in Sources */ = {isa = PBXBuildFile; fileRef = 36128E301BF569B500E0A050 /* FMDatabaseQueue.m */; };
		36128E381BF569B500E0A050 /* FMResultSet.m in Sources */ = {isa = PBXBuildFile; fileRef = 36128E321BF569B500E0A050 /* FMResultSet.m */; };
		36128E3B1BF569D000E0A050 /* LKTestModels.m in Sources */ = {isa = PBXBuildFile; fileRef = 36128E3A1BF569D000E0A050 /* LKTestModels.m */; };
		C541086F18E27786009D0644 /* libsqlite3.0.dylib in Frameworks */ = {isa = PBXBuildFile; fileRef = C541086E18E27786009D0644 /* libsqlite3.0.dylib */; };
		C5549E5E18E2675D00F92DED /* Cocoa.framework in Frameworks */ = {isa = PBXBuildFile; fileRef = C5549E5D18E2675D00F92DED /* Cocoa.framework */; };
		C5549E6818E2675D00F92DED /* InfoPlist.strings in Resources */ = {isa = PBXBuildFile; fileRef = C5549E6618E2675D00F92DED /* InfoPlist.strings */; };
		C5549E6A18E2675D00F92DED /* main.m in Sources */ = {isa = PBXBuildFile; fileRef = C5549E6918E2675D00F92DED /* main.m */; };
		C5549E6E18E2675D00F92DED /* Credits.rtf in Resources */ = {isa = PBXBuildFile; fileRef = C5549E6C18E2675D00F92DED /* Credits.rtf */; };
		C5549E7118E2675D00F92DED /* LKAppDelegate.m in Sources */ = {isa = PBXBuildFile; fileRef = C5549E7018E2675D00F92DED /* LKAppDelegate.m */; };
		C5549E7418E2675D00F92DED /* MainMenu.xib in Resources */ = {isa = PBXBuildFile; fileRef = C5549E7218E2675D00F92DED /* MainMenu.xib */; };
		C5549E7618E2675D00F92DED /* Images.xcassets in Resources */ = {isa = PBXBuildFile; fileRef = C5549E7518E2675D00F92DED /* Images.xcassets */; };
/* End PBXBuildFile section */

/* Begin PBXFileReference section */
		36128E131BF5698100E0A050 /* LKDB+Mapping.h */ = {isa = PBXFileReference; fileEncoding = 4; lastKnownFileType = sourcecode.c.h; path = "LKDB+Mapping.h"; sourceTree = "<group>"; };
		36128E141BF5698100E0A050 /* LKDB+Mapping.m */ = {isa = PBXFileReference; fileEncoding = 4; lastKnownFileType = sourcecode.c.objc; path = "LKDB+Mapping.m"; sourceTree = "<group>"; };
		36128E151BF5698100E0A050 /* LKDBHelper.h */ = {isa = PBXFileReference; fileEncoding = 4; lastKnownFileType = sourcecode.c.h; path = LKDBHelper.h; sourceTree = "<group>"; };
		36128E161BF5698100E0A050 /* LKDBHelper.m */ = {isa = PBXFileReference; fileEncoding = 4; lastKnownFileType = sourcecode.c.objc; path = LKDBHelper.m; sourceTree = "<group>"; };
		36128E171BF5698100E0A050 /* LKDBUtils.h */ = {isa = PBXFileReference; fileEncoding = 4; lastKnownFileType = sourcecode.c.h; path = LKDBUtils.h; sourceTree = "<group>"; };
		36128E181BF5698100E0A050 /* LKDBUtils.m */ = {isa = PBXFileReference; fileEncoding = 4; lastKnownFileType = sourcecode.c.objc; path = LKDBUtils.m; sourceTree = "<group>"; };
		36128E191BF5698100E0A050 /* NSObject+LKDBHelper.h */ = {isa = PBXFileReference; fileEncoding = 4; lastKnownFileType = sourcecode.c.h; path = "NSObject+LKDBHelper.h"; sourceTree = "<group>"; };
		36128E1A1BF5698100E0A050 /* NSObject+LKDBHelper.m */ = {isa = PBXFileReference; fileEncoding = 4; lastKnownFileType = sourcecode.c.objc; path = "NSObject+LKDBHelper.m"; sourceTree = "<group>"; };
		36128E1B1BF5698100E0A050 /* NSObject+LKModel.h */ = {isa = PBXFileReference; fileEncoding = 4; lastKnownFileType = sourcecode.c.h; path = "NSObject+LKModel.h"; sourceTree = "<group>"; };
		36128E1C1BF5698100E0A050 /* NSObject+LKModel.m */ = {isa = PBXFileReference; fileEncoding = 4; lastKnownFileType = sourcecode.c.objc; path = "NSObject+LKModel.m"; sourceTree = "<group>"; };
		36128E221BF5699400E0A050 /* 41.png */ = {isa = PBXFileReference; lastKnownFileType = image.png; name = 41.png; path = ../../LKDBHelper/41.png; sourceTree = "<group>"; };
		36128E261BF569B500E0A050 /* FMDatabase+InMemoryOnDiskIO.h */ = {isa = PBXFileReference; fileEncoding = 4; lastKnownFileType = sourcecode.c.h; path = "FMDatabase+InMemoryOnDiskIO.h"; sourceTree = "<group>"; };
		36128E271BF569B500E0A050 /* FMDatabase+InMemoryOnDiskIO.m */ = {isa = PBXFileReference; fileEncoding = 4; lastKnownFileType = sourcecode.c.objc; path = "FMDatabase+InMemoryOnDiskIO.m"; sourceTree = "<group>"; };
		36128E291BF569B500E0A050 /* FMDatabase.h */ = {isa = PBXFileReference; fileEncoding = 4; lastKnownFileType = sourcecode.c.h; path = FMDatabase.h; sourceTree = "<group>"; };
		36128E2A1BF569B500E0A050 /* FMDatabase.m */ = {isa = PBXFileReference; fileEncoding = 4; lastKnownFileType = sourcecode.c.objc; path = FMDatabase.m; sourceTree = "<group>"; };
		36128E2B1BF569B500E0A050 /* FMDatabaseAdditions.h */ = {isa = PBXFileReference; fileEncoding = 4; lastKnownFileType = sourcecode.c.h; path = FMDatabaseAdditions.h; sourceTree = "<group>"; };
		36128E2C1BF569B500E0A050 /* FMDatabaseAdditions.m */ = {isa = PBXFileReference; fileEncoding = 4; lastKnownFileType = sourcecode.c.objc; path = FMDatabaseAdditions.m; sourceTree = "<group>"; };
		36128E2D1BF569B500E0A050 /* FMDatabasePool.h */ = {isa = PBXFileReference; fileEncoding = 4; lastKnownFileType = sourcecode.c.h; path = FMDatabasePool.h; sourceTree = "<group>"; };
		36128E2E1BF569B500E0A050 /* FMDatabasePool.m */ = {isa = PBXFileReference; fileEncoding = 4; lastKnownFileType = sourcecode.c.objc; path = FMDatabasePool.m; sourceTree = "<group>"; };
		36128E2F1BF569B500E0A050 /* FMDatabaseQueue.h */ = {isa = PBXFileReference; fileEncoding = 4; lastKnownFileType = sourcecode.c.h; path = FMDatabaseQueue.h; sourceTree = "<group>"; };
		36128E301BF569B500E0A050 /* FMDatabaseQueue.m */ = {isa = PBXFileReference; fileEncoding = 4; lastKnownFileType = sourcecode.c.objc; path = FMDatabaseQueue.m; sourceTree = "<group>"; };
		36128E311BF569B500E0A050 /* FMResultSet.h */ = {isa = PBXFileReference; fileEncoding = 4; lastKnownFileType = sourcecode.c.h; path = FMResultSet.h; sourceTree = "<group>"; };
		36128E321BF569B500E0A050 /* FMResultSet.m */ = {isa = PBXFileReference; fileEncoding = 4; lastKnownFileType = sourcecode.c.objc; path = FMResultSet.m; sourceTree = "<group>"; };
		36128E391BF569D000E0A050 /* LKTestModels.h */ = {isa = PBXFileReference; fileEncoding = 4; lastKnownFileType = sourcecode.c.h; name = LKTestModels.h; path = ../../LKDBHelper/LKTestModels.h; sourceTree = "<group>"; };
		36128E3A1BF569D000E0A050 /* LKTestModels.m */ = {isa = PBXFileReference; fileEncoding = 4; lastKnownFileType = sourcecode.c.objc; name = LKTestModels.m; path = ../../LKDBHelper/LKTestModels.m; sourceTree = "<group>"; };
		C541086E18E27786009D0644 /* libsqlite3.0.dylib */ = {isa = PBXFileReference; lastKnownFileType = "compiled.mach-o.dylib"; name = libsqlite3.0.dylib; path = usr/lib/libsqlite3.0.dylib; sourceTree = SDKROOT; };
		C5549E5A18E2675D00F92DED /* LKDB-Demo.app */ = {isa = PBXFileReference; explicitFileType = wrapper.application; includeInIndex = 0; path = "LKDB-Demo.app"; sourceTree = BUILT_PRODUCTS_DIR; };
		C5549E5D18E2675D00F92DED /* Cocoa.framework */ = {isa = PBXFileReference; lastKnownFileType = wrapper.framework; name = Cocoa.framework; path = System/Library/Frameworks/Cocoa.framework; sourceTree = SDKROOT; };
		C5549E6018E2675D00F92DED /* AppKit.framework */ = {isa = PBXFileReference; lastKnownFileType = wrapper.framework; name = AppKit.framework; path = System/Library/Frameworks/AppKit.framework; sourceTree = SDKROOT; };
		C5549E6118E2675D00F92DED /* CoreData.framework */ = {isa = PBXFileReference; lastKnownFileType = wrapper.framework; name = CoreData.framework; path = System/Library/Frameworks/CoreData.framework; sourceTree = SDKROOT; };
		C5549E6218E2675D00F92DED /* Foundation.framework */ = {isa = PBXFileReference; lastKnownFileType = wrapper.framework; name = Foundation.framework; path = System/Library/Frameworks/Foundation.framework; sourceTree = SDKROOT; };
		C5549E6518E2675D00F92DED /* LKDB-Demo-Info.plist */ = {isa = PBXFileReference; lastKnownFileType = text.plist.xml; path = "LKDB-Demo-Info.plist"; sourceTree = "<group>"; };
		C5549E6718E2675D00F92DED /* en */ = {isa = PBXFileReference; lastKnownFileType = text.plist.strings; name = en; path = en.lproj/InfoPlist.strings; sourceTree = "<group>"; };
		C5549E6918E2675D00F92DED /* main.m */ = {isa = PBXFileReference; lastKnownFileType = sourcecode.c.objc; path = main.m; sourceTree = "<group>"; };
		C5549E6B18E2675D00F92DED /* LKDB-Demo-Prefix.pch */ = {isa = PBXFileReference; lastKnownFileType = sourcecode.c.h; path = "LKDB-Demo-Prefix.pch"; sourceTree = "<group>"; };
		C5549E6D18E2675D00F92DED /* en */ = {isa = PBXFileReference; lastKnownFileType = text.rtf; name = en; path = en.lproj/Credits.rtf; sourceTree = "<group>"; };
		C5549E6F18E2675D00F92DED /* LKAppDelegate.h */ = {isa = PBXFileReference; lastKnownFileType = sourcecode.c.h; path = LKAppDelegate.h; sourceTree = "<group>"; };
		C5549E7018E2675D00F92DED /* LKAppDelegate.m */ = {isa = PBXFileReference; lastKnownFileType = sourcecode.c.objc; path = LKAppDelegate.m; sourceTree = "<group>"; };
		C5549E7318E2675D00F92DED /* Base */ = {isa = PBXFileReference; lastKnownFileType = file.xib; name = Base; path = Base.lproj/MainMenu.xib; sourceTree = "<group>"; };
		C5549E7518E2675D00F92DED /* Images.xcassets */ = {isa = PBXFileReference; lastKnownFileType = folder.assetcatalog; path = Images.xcassets; sourceTree = "<group>"; };
		C5549E7C18E2675D00F92DED /* XCTest.framework */ = {isa = PBXFileReference; lastKnownFileType = wrapper.framework; name = XCTest.framework; path = Library/Frameworks/XCTest.framework; sourceTree = DEVELOPER_DIR; };
		C5549E8318E2675D00F92DED /* LKDB-DemoTests-Info.plist */ = {isa = PBXFileReference; lastKnownFileType = text.plist.xml; path = "LKDB-DemoTests-Info.plist"; sourceTree = "<group>"; };
		C5549E8518E2675D00F92DED /* en */ = {isa = PBXFileReference; lastKnownFileType = text.plist.strings; name = en; path = en.lproj/InfoPlist.strings; sourceTree = "<group>"; };
		C5549E8718E2675D00F92DED /* LKDB_DemoTests.m */ = {isa = PBXFileReference; lastKnownFileType = sourcecode.c.objc; path = LKDB_DemoTests.m; sourceTree = "<group>"; };
/* End PBXFileReference section */

/* Begin PBXFrameworksBuildPhase section */
		C5549E5718E2675D00F92DED /* Frameworks */ = {
			isa = PBXFrameworksBuildPhase;
			buildActionMask = 2147483647;
			files = (
				C541086F18E27786009D0644 /* libsqlite3.0.dylib in Frameworks */,
				C5549E5E18E2675D00F92DED /* Cocoa.framework in Frameworks */,
			);
			runOnlyForDeploymentPostprocessing = 0;
		};
/* End PBXFrameworksBuildPhase section */

/* Begin PBXGroup section */
		36128E121BF5698100E0A050 /* Helper */ = {
			isa = PBXGroup;
			children = (
				36128E131BF5698100E0A050 /* LKDB+Mapping.h */,
				36128E141BF5698100E0A050 /* LKDB+Mapping.m */,
				36128E151BF5698100E0A050 /* LKDBHelper.h */,
				36128E161BF5698100E0A050 /* LKDBHelper.m */,
				36128E171BF5698100E0A050 /* LKDBUtils.h */,
				36128E181BF5698100E0A050 /* LKDBUtils.m */,
				36128E191BF5698100E0A050 /* NSObject+LKDBHelper.h */,
				36128E1A1BF5698100E0A050 /* NSObject+LKDBHelper.m */,
				36128E1B1BF5698100E0A050 /* NSObject+LKModel.h */,
				36128E1C1BF5698100E0A050 /* NSObject+LKModel.m */,
			);
			name = Helper;
			path = ../../LKDBHelper/Helper;
			sourceTree = "<group>";
		};
		36128E241BF569B500E0A050 /* FMDB */ = {
			isa = PBXGroup;
			children = (
				36128E251BF569B500E0A050 /* extra */,
				36128E281BF569B500E0A050 /* src */,
			);
			name = FMDB;
			path = ../../LKDBHelper/FMDB;
			sourceTree = "<group>";
		};
		36128E251BF569B500E0A050 /* extra */ = {
			isa = PBXGroup;
			children = (
				36128E261BF569B500E0A050 /* FMDatabase+InMemoryOnDiskIO.h */,
				36128E271BF569B500E0A050 /* FMDatabase+InMemoryOnDiskIO.m */,
			);
			path = extra;
			sourceTree = "<group>";
		};
		36128E281BF569B500E0A050 /* src */ = {
			isa = PBXGroup;
			children = (
				36128E291BF569B500E0A050 /* FMDatabase.h */,
				36128E2A1BF569B500E0A050 /* FMDatabase.m */,
				36128E2B1BF569B500E0A050 /* FMDatabaseAdditions.h */,
				36128E2C1BF569B500E0A050 /* FMDatabaseAdditions.m */,
				36128E2D1BF569B500E0A050 /* FMDatabasePool.h */,
				36128E2E1BF569B500E0A050 /* FMDatabasePool.m */,
				36128E2F1BF569B500E0A050 /* FMDatabaseQueue.h */,
				36128E301BF569B500E0A050 /* FMDatabaseQueue.m */,
				36128E311BF569B500E0A050 /* FMResultSet.h */,
				36128E321BF569B500E0A050 /* FMResultSet.m */,
			);
			path = src;
			sourceTree = "<group>";
		};
		C5549E5118E2675D00F92DED = {
			isa = PBXGroup;
			children = (
				C5549E6318E2675D00F92DED /* LKDB-Demo */,
				C5549E8118E2675D00F92DED /* LKDB-DemoTests */,
				C5549E5C18E2675D00F92DED /* Frameworks */,
				C5549E5B18E2675D00F92DED /* Products */,
			);
			sourceTree = "<group>";
		};
		C5549E5B18E2675D00F92DED /* Products */ = {
			isa = PBXGroup;
			children = (
				C5549E5A18E2675D00F92DED /* LKDB-Demo.app */,
			);
			name = Products;
			sourceTree = "<group>";
		};
		C5549E5C18E2675D00F92DED /* Frameworks */ = {
			isa = PBXGroup;
			children = (
				C541086E18E27786009D0644 /* libsqlite3.0.dylib */,
				C5549E5D18E2675D00F92DED /* Cocoa.framework */,
				C5549E7C18E2675D00F92DED /* XCTest.framework */,
				C5549E5F18E2675D00F92DED /* Other Frameworks */,
			);
			name = Frameworks;
			sourceTree = "<group>";
		};
		C5549E5F18E2675D00F92DED /* Other Frameworks */ = {
			isa = PBXGroup;
			children = (
				C5549E6018E2675D00F92DED /* AppKit.framework */,
				C5549E6118E2675D00F92DED /* CoreData.framework */,
				C5549E6218E2675D00F92DED /* Foundation.framework */,
			);
			name = "Other Frameworks";
			sourceTree = "<group>";
		};
		C5549E6318E2675D00F92DED /* LKDB-Demo */ = {
			isa = PBXGroup;
			children = (
				36128E391BF569D000E0A050 /* LKTestModels.h */,
				36128E3A1BF569D000E0A050 /* LKTestModels.m */,
				36128E241BF569B500E0A050 /* FMDB */,
				36128E221BF5699400E0A050 /* 41.png */,
				36128E121BF5698100E0A050 /* Helper */,
				C5549E6F18E2675D00F92DED /* LKAppDelegate.h */,
				C5549E7018E2675D00F92DED /* LKAppDelegate.m */,
				C5549E7218E2675D00F92DED /* MainMenu.xib */,
				C5549E7518E2675D00F92DED /* Images.xcassets */,
				C5549E6418E2675D00F92DED /* Supporting Files */,
			);
			path = "LKDB-Demo";
			sourceTree = "<group>";
		};
		C5549E6418E2675D00F92DED /* Supporting Files */ = {
			isa = PBXGroup;
			children = (
				C5549E6518E2675D00F92DED /* LKDB-Demo-Info.plist */,
				C5549E6618E2675D00F92DED /* InfoPlist.strings */,
				C5549E6918E2675D00F92DED /* main.m */,
				C5549E6B18E2675D00F92DED /* LKDB-Demo-Prefix.pch */,
				C5549E6C18E2675D00F92DED /* Credits.rtf */,
			);
			name = "Supporting Files";
			sourceTree = "<group>";
		};
		C5549E8118E2675D00F92DED /* LKDB-DemoTests */ = {
			isa = PBXGroup;
			children = (
				C5549E8718E2675D00F92DED /* LKDB_DemoTests.m */,
				C5549E8218E2675D00F92DED /* Supporting Files */,
			);
			path = "LKDB-DemoTests";
			sourceTree = "<group>";
		};
		C5549E8218E2675D00F92DED /* Supporting Files */ = {
			isa = PBXGroup;
			children = (
				C5549E8318E2675D00F92DED /* LKDB-DemoTests-Info.plist */,
				C5549E8418E2675D00F92DED /* InfoPlist.strings */,
			);
			name = "Supporting Files";
			sourceTree = "<group>";
		};
/* End PBXGroup section */

/* Begin PBXNativeTarget section */
		C5549E5918E2675D00F92DED /* LKDB-Demo */ = {
			isa = PBXNativeTarget;
			buildConfigurationList = C5549E8B18E2675D00F92DED /* Build configuration list for PBXNativeTarget "LKDB-Demo" */;
			buildPhases = (
				C5549E5618E2675D00F92DED /* Sources */,
				C5549E5718E2675D00F92DED /* Frameworks */,
				C5549E5818E2675D00F92DED /* Resources */,
			);
			buildRules = (
			);
			dependencies = (
			);
			name = "LKDB-Demo";
			productName = "LKDB-Demo";
			productReference = C5549E5A18E2675D00F92DED /* LKDB-Demo.app */;
			productType = "com.apple.product-type.application";
		};
/* End PBXNativeTarget section */

/* Begin PBXProject section */
		C5549E5218E2675D00F92DED /* Project object */ = {
			isa = PBXProject;
			attributes = {
				CLASSPREFIX = LK;
				LastUpgradeCheck = 0510;
				ORGANIZATIONNAME = LJH;
			};
			buildConfigurationList = C5549E5518E2675D00F92DED /* Build configuration list for PBXProject "LKDB-Demo" */;
			compatibilityVersion = "Xcode 3.2";
			developmentRegion = English;
			hasScannedForEncodings = 0;
			knownRegions = (
				en,
				Base,
			);
			mainGroup = C5549E5118E2675D00F92DED;
			productRefGroup = C5549E5B18E2675D00F92DED /* Products */;
			projectDirPath = "";
			projectRoot = "";
			targets = (
				C5549E5918E2675D00F92DED /* LKDB-Demo */,
			);
		};
/* End PBXProject section */

/* Begin PBXResourcesBuildPhase section */
		C5549E5818E2675D00F92DED /* Resources */ = {
			isa = PBXResourcesBuildPhase;
			buildActionMask = 2147483647;
			files = (
				36128E231BF5699400E0A050 /* 41.png in Resources */,
				C5549E6818E2675D00F92DED /* InfoPlist.strings in Resources */,
				C5549E7618E2675D00F92DED /* Images.xcassets in Resources */,
				C5549E6E18E2675D00F92DED /* Credits.rtf in Resources */,
				C5549E7418E2675D00F92DED /* MainMenu.xib in Resources */,
			);
			runOnlyForDeploymentPostprocessing = 0;
		};
/* End PBXResourcesBuildPhase section */

/* Begin PBXSourcesBuildPhase section */
		C5549E5618E2675D00F92DED /* Sources */ = {
			isa = PBXSourcesBuildPhase;
			buildActionMask = 2147483647;
			files = (
				36128E201BF5698100E0A050 /* NSObject+LKDBHelper.m in Sources */,
				36128E1F1BF5698100E0A050 /* LKDBUtils.m in Sources */,
				36128E1E1BF5698100E0A050 /* LKDBHelper.m in Sources */,
				36128E341BF569B500E0A050 /* FMDatabase.m in Sources */,
				36128E331BF569B500E0A050 /* FMDatabase+InMemoryOnDiskIO.m in Sources */,
				36128E371BF569B500E0A050 /* FMDatabaseQueue.m in Sources */,
				36128E381BF569B500E0A050 /* FMResultSet.m in Sources */,
				36128E361BF569B500E0A050 /* FMDatabasePool.m in Sources */,
				C5549E6A18E2675D00F92DED /* main.m in Sources */,
				36128E1D1BF5698100E0A050 /* LKDB+Mapping.m in Sources */,
				36128E211BF5698100E0A050 /* NSObject+LKModel.m in Sources */,
				C5549E7118E2675D00F92DED /* LKAppDelegate.m in Sources */,
				36128E3B1BF569D000E0A050 /* LKTestModels.m in Sources */,
				36128E351BF569B500E0A050 /* FMDatabaseAdditions.m in Sources */,
			);
			runOnlyForDeploymentPostprocessing = 0;
		};
/* End PBXSourcesBuildPhase section */

/* Begin PBXVariantGroup section */
		C5549E6618E2675D00F92DED /* InfoPlist.strings */ = {
			isa = PBXVariantGroup;
			children = (
				C5549E6718E2675D00F92DED /* en */,
			);
			name = InfoPlist.strings;
			sourceTree = "<group>";
		};
		C5549E6C18E2675D00F92DED /* Credits.rtf */ = {
			isa = PBXVariantGroup;
			children = (
				C5549E6D18E2675D00F92DED /* en */,
			);
			name = Credits.rtf;
			sourceTree = "<group>";
		};
		C5549E7218E2675D00F92DED /* MainMenu.xib */ = {
			isa = PBXVariantGroup;
			children = (
				C5549E7318E2675D00F92DED /* Base */,
			);
			name = MainMenu.xib;
			sourceTree = "<group>";
		};
		C5549E8418E2675D00F92DED /* InfoPlist.strings */ = {
			isa = PBXVariantGroup;
			children = (
				C5549E8518E2675D00F92DED /* en */,
			);
			name = InfoPlist.strings;
			sourceTree = "<group>";
		};
/* End PBXVariantGroup section */

/* Begin XCBuildConfiguration section */
		C5549E8918E2675D00F92DED /* Debug */ = {
			isa = XCBuildConfiguration;
			buildSettings = {
				ALWAYS_SEARCH_USER_PATHS = NO;
				CLANG_CXX_LANGUAGE_STANDARD = "gnu++0x";
				CLANG_CXX_LIBRARY = "libc++";
				CLANG_ENABLE_MODULES = YES;
				CLANG_ENABLE_OBJC_ARC = YES;
				CLANG_WARN_BOOL_CONVERSION = YES;
				CLANG_WARN_CONSTANT_CONVERSION = YES;
				CLANG_WARN_DIRECT_OBJC_ISA_USAGE = YES_ERROR;
				CLANG_WARN_EMPTY_BODY = YES;
				CLANG_WARN_ENUM_CONVERSION = YES;
				CLANG_WARN_INT_CONVERSION = YES;
				CLANG_WARN_OBJC_ROOT_CLASS = YES_ERROR;
				CLANG_WARN__DUPLICATE_METHOD_MATCH = YES;
				COPY_PHASE_STRIP = NO;
				GCC_C_LANGUAGE_STANDARD = gnu99;
				GCC_DYNAMIC_NO_PIC = NO;
				GCC_ENABLE_OBJC_EXCEPTIONS = YES;
				GCC_OPTIMIZATION_LEVEL = 0;
				GCC_PREPROCESSOR_DEFINITIONS = (
					"DEBUG=1",
					"$(inherited)",
				);
				GCC_SYMBOLS_PRIVATE_EXTERN = NO;
				GCC_WARN_64_TO_32_BIT_CONVERSION = YES;
				GCC_WARN_ABOUT_RETURN_TYPE = YES_ERROR;
				GCC_WARN_UNDECLARED_SELECTOR = YES;
				GCC_WARN_UNINITIALIZED_AUTOS = YES_AGGRESSIVE;
				GCC_WARN_UNUSED_FUNCTION = YES;
				GCC_WARN_UNUSED_VARIABLE = YES;
				MACOSX_DEPLOYMENT_TARGET = 10.9;
				ONLY_ACTIVE_ARCH = YES;
				SDKROOT = macosx;
			};
			name = Debug;
		};
		C5549E8A18E2675D00F92DED /* Release */ = {
			isa = XCBuildConfiguration;
			buildSettings = {
				ALWAYS_SEARCH_USER_PATHS = NO;
				CLANG_CXX_LANGUAGE_STANDARD = "gnu++0x";
				CLANG_CXX_LIBRARY = "libc++";
				CLANG_ENABLE_MODULES = YES;
				CLANG_ENABLE_OBJC_ARC = YES;
				CLANG_WARN_BOOL_CONVERSION = YES;
				CLANG_WARN_CONSTANT_CONVERSION = YES;
				CLANG_WARN_DIRECT_OBJC_ISA_USAGE = YES_ERROR;
				CLANG_WARN_EMPTY_BODY = YES;
				CLANG_WARN_ENUM_CONVERSION = YES;
				CLANG_WARN_INT_CONVERSION = YES;
				CLANG_WARN_OBJC_ROOT_CLASS = YES_ERROR;
				CLANG_WARN__DUPLICATE_METHOD_MATCH = YES;
				COPY_PHASE_STRIP = YES;
				DEBUG_INFORMATION_FORMAT = "dwarf-with-dsym";
				ENABLE_NS_ASSERTIONS = NO;
				GCC_C_LANGUAGE_STANDARD = gnu99;
				GCC_ENABLE_OBJC_EXCEPTIONS = YES;
				GCC_WARN_64_TO_32_BIT_CONVERSION = YES;
				GCC_WARN_ABOUT_RETURN_TYPE = YES_ERROR;
				GCC_WARN_UNDECLARED_SELECTOR = YES;
				GCC_WARN_UNINITIALIZED_AUTOS = YES_AGGRESSIVE;
				GCC_WARN_UNUSED_FUNCTION = YES;
				GCC_WARN_UNUSED_VARIABLE = YES;
				MACOSX_DEPLOYMENT_TARGET = 10.9;
				SDKROOT = macosx;
			};
			name = Release;
		};
		C5549E8C18E2675D00F92DED /* Debug */ = {
			isa = XCBuildConfiguration;
			buildSettings = {
				ASSETCATALOG_COMPILER_APPICON_NAME = AppIcon;
				COMBINE_HIDPI_IMAGES = YES;
				GCC_PRECOMPILE_PREFIX_HEADER = YES;
				GCC_PREFIX_HEADER = "LKDB-Demo/LKDB-Demo-Prefix.pch";
				INFOPLIST_FILE = "LKDB-Demo/LKDB-Demo-Info.plist";
				MACOSX_DEPLOYMENT_TARGET = 10.9;
				ONLY_ACTIVE_ARCH = YES;
				PRODUCT_NAME = "$(TARGET_NAME)";
				WRAPPER_EXTENSION = app;
			};
			name = Debug;
		};
		C5549E8D18E2675D00F92DED /* Release */ = {
			isa = XCBuildConfiguration;
			buildSettings = {
				ASSETCATALOG_COMPILER_APPICON_NAME = AppIcon;
				COMBINE_HIDPI_IMAGES = YES;
				GCC_PRECOMPILE_PREFIX_HEADER = YES;
				GCC_PREFIX_HEADER = "LKDB-Demo/LKDB-Demo-Prefix.pch";
				INFOPLIST_FILE = "LKDB-Demo/LKDB-Demo-Info.plist";
				MACOSX_DEPLOYMENT_TARGET = 10.9;
				ONLY_ACTIVE_ARCH = YES;
				PRODUCT_NAME = "$(TARGET_NAME)";
				WRAPPER_EXTENSION = app;
			};
			name = Release;
		};
/* End XCBuildConfiguration section */

/* Begin XCConfigurationList section */
		C5549E5518E2675D00F92DED /* Build configuration list for PBXProject "LKDB-Demo" */ = {
			isa = XCConfigurationList;
			buildConfigurations = (
				C5549E8918E2675D00F92DED /* Debug */,
				C5549E8A18E2675D00F92DED /* Release */,
			);
			defaultConfigurationIsVisible = 0;
			defaultConfigurationName = Release;
		};
		C5549E8B18E2675D00F92DED /* Build configuration list for PBXNativeTarget "LKDB-Demo" */ = {
			isa = XCConfigurationList;
			buildConfigurations = (
				C5549E8C18E2675D00F92DED /* Debug */,
				C5549E8D18E2675D00F92DED /* Release */,
			);
			defaultConfigurationIsVisible = 0;
			defaultConfigurationName = Release;
		};
/* End XCConfigurationList section */
	};
	rootObject = C5549E5218E2675D00F92DED /* Project object */;
}
