// !$*UTF8*$!
{
	archiveVersion = 1;
	classes = {
	};
	objectVersion = 46;
	objects = {

/* Begin PBXBuildFile section */
		366B232D1CFD87F5006743C0 /* main.m in Sources */ = {isa = PBXBuildFile; fileRef = 366B232C1CFD87F5006743C0 /* main.m */; };
		366B23301CFD87F5006743C0 /* AppDelegate.m in Sources */ = {isa = PBXBuildFile; fileRef = 366B232F1CFD87F5006743C0 /* AppDelegate.m */; };
		366B23381CFD87F5006743C0 /* Assets.xcassets in Resources */ = {isa = PBXBuildFile; fileRef = 366B23371CFD87F5006743C0 /* Assets.xcassets */; };
		366B233B1CFD87F5006743C0 /* LaunchScreen.storyboard in Resources */ = {isa = PBXBuildFile; fileRef = 366B23391CFD87F5006743C0 /* LaunchScreen.storyboard */; };
		366B23441CFD8A63006743C0 /* LKTestModels.m in Sources */ = {isa = PBXBuildFile; fileRef = 366B23421CFD8A63006743C0 /* LKTestModels.m */; };
		366B23461CFD8CEB006743C0 /* Snip20130620_6.png in Resources */ = {isa = PBXBuildFile; fileRef = 366B23451CFD8CEB006743C0 /* Snip20130620_6.png */; };
		367E23C927E33E2E00CA2E34 /* Interface.storyboard in Resources */ = {isa = PBXBuildFile; fileRef = 367E23C727E33E2E00CA2E34 /* Interface.storyboard */; };
		367E23CB27E33E3000CA2E34 /* Assets.xcassets in Resources */ = {isa = PBXBuildFile; fileRef = 367E23CA27E33E3000CA2E34 /* Assets.xcassets */; };
		367E23D127E33E3000CA2E34 /* Watch WatchKit Extension.appex in Embed App Extensions */ = {isa = PBXBuildFile; fileRef = 367E23D027E33E3000CA2E34 /* Watch WatchKit Extension.appex */; settings = {ATTRIBUTES = (RemoveHeadersOnCopy, ); }; };
		367E23D727E33E3000CA2E34 /* InterfaceController.m in Sources */ = {isa = PBXBuildFile; fileRef = 367E23D627E33E3000CA2E34 /* InterfaceController.m */; };
		367E23DA27E33E3000CA2E34 /* ExtensionDelegate.m in Sources */ = {isa = PBXBuildFile; fileRef = 367E23D927E33E3000CA2E34 /* ExtensionDelegate.m */; };
		367E23DD27E33E3000CA2E34 /* NotificationController.m in Sources */ = {isa = PBXBuildFile; fileRef = 367E23DC27E33E3000CA2E34 /* NotificationController.m */; };
		367E23E027E33E3000CA2E34 /* ComplicationController.m in Sources */ = {isa = PBXBuildFile; fileRef = 367E23DF27E33E3000CA2E34 /* ComplicationController.m */; };
		367E23E227E33E3200CA2E34 /* Assets.xcassets in Resources */ = {isa = PBXBuildFile; fileRef = 367E23E127E33E3200CA2E34 /* Assets.xcassets */; };
		367E23E727E33E3200CA2E34 /* Watch.app in Embed Watch Content */ = {isa = PBXBuildFile; fileRef = 367E23C527E33E2E00CA2E34 /* Watch.app */; settings = {ATTRIBUTES = (RemoveHeadersOnCopy, ); }; };
		367E23F227E33F7800CA2E34 /* LKTestModels.m in Sources */ = {isa = PBXBuildFile; fileRef = 367E23F027E33F7800CA2E34 /* LKTestModels.m */; };
		6BCE93B2428F3E6E81B59859 /* libPods-iOS-Demo.a in Frameworks */ = {isa = PBXBuildFile; fileRef = A05ED3193E536326FFEB6E6B /* libPods-iOS-Demo.a */; };
		6D59022A8168D7078208AFD3 /* libPods-Watch WatchKit Extension.a in Frameworks */ = {isa = PBXBuildFile; fileRef = 38A1A8013E2D27102CA661B1 /* libPods-Watch WatchKit Extension.a */; };
/* End PBXBuildFile section */

/* Begin PBXContainerItemProxy section */
		367E23D227E33E3000CA2E34 /* PBXContainerItemProxy */ = {
			isa = PBXContainerItemProxy;
			containerPortal = 366B23201CFD87F5006743C0 /* Project object */;
			proxyType = 1;
			remoteGlobalIDString = 367E23CF27E33E3000CA2E34;
			remoteInfo = "Watch WatchKit Extension";
		};
		367E23E527E33E3200CA2E34 /* PBXContainerItemProxy */ = {
			isa = PBXContainerItemProxy;
			containerPortal = 366B23201CFD87F5006743C0 /* Project object */;
			proxyType = 1;
			remoteGlobalIDString = 367E23C427E33E2E00CA2E34;
			remoteInfo = Watch;
		};
/* End PBXContainerItemProxy section */

/* Begin PBXCopyFilesBuildPhase section */
		367E23E827E33E3200CA2E34 /* Embed Watch Content */ = {
			isa = PBXCopyFilesBuildPhase;
			buildActionMask = 2147483647;
			dstPath = "$(CONTENTS_FOLDER_PATH)/Watch";
			dstSubfolderSpec = 16;
			files = (
				367E23E727E33E3200CA2E34 /* Watch.app in Embed Watch Content */,
			);
			name = "Embed Watch Content";
			runOnlyForDeploymentPostprocessing = 0;
		};
		367E23EB27E33E3200CA2E34 /* Embed App Extensions */ = {
			isa = PBXCopyFilesBuildPhase;
			buildActionMask = 2147483647;
			dstPath = "";
			dstSubfolderSpec = 13;
			files = (
				367E23D127E33E3000CA2E34 /* Watch WatchKit Extension.appex in Embed App Extensions */,
			);
			name = "Embed App Extensions";
			runOnlyForDeploymentPostprocessing = 0;
		};
/* End PBXCopyFilesBuildPhase section */

/* Begin PBXFileReference section */
		04A320133495C12FA82ACD0B /* Pods-iOS-Demo.debug.xcconfig */ = {isa = PBXFileReference; includeInIndex = 1; lastKnownFileType = text.xcconfig; name = "Pods-iOS-Demo.debug.xcconfig"; path = "Pods/Target Support Files/Pods-iOS-Demo/Pods-iOS-Demo.debug.xcconfig"; sourceTree = "<group>"; };
		1864E69F1BAF807B42B2A7AA /* Pods-Watch WatchKit Extension.debug.xcconfig */ = {isa = PBXFileReference; includeInIndex = 1; lastKnownFileType = text.xcconfig; name = "Pods-Watch WatchKit Extension.debug.xcconfig"; path = "Pods/Target Support Files/Pods-Watch WatchKit Extension/Pods-Watch WatchKit Extension.debug.xcconfig"; sourceTree = "<group>"; };
		366B23281CFD87F5006743C0 /* iOS-Demo.app */ = {isa = PBXFileReference; explicitFileType = wrapper.application; includeInIndex = 0; path = "iOS-Demo.app"; sourceTree = BUILT_PRODUCTS_DIR; };
		366B232C1CFD87F5006743C0 /* main.m */ = {isa = PBXFileReference; lastKnownFileType = sourcecode.c.objc; path = main.m; sourceTree = "<group>"; };
		366B232E1CFD87F5006743C0 /* AppDelegate.h */ = {isa = PBXFileReference; lastKnownFileType = sourcecode.c.h; path = AppDelegate.h; sourceTree = "<group>"; };
		366B232F1CFD87F5006743C0 /* AppDelegate.m */ = {isa = PBXFileReference; lastKnownFileType = sourcecode.c.objc; path = AppDelegate.m; sourceTree = "<group>"; };
		366B23371CFD87F5006743C0 /* Assets.xcassets */ = {isa = PBXFileReference; lastKnownFileType = folder.assetcatalog; path = Assets.xcassets; sourceTree = "<group>"; };
		366B233A1CFD87F5006743C0 /* Base */ = {isa = PBXFileReference; lastKnownFileType = file.storyboard; name = Base; path = Base.lproj/LaunchScreen.storyboard; sourceTree = "<group>"; };
		366B233C1CFD87F5006743C0 /* Info.plist */ = {isa = PBXFileReference; lastKnownFileType = text.plist.xml; path = Info.plist; sourceTree = "<group>"; };
		366B23421CFD8A63006743C0 /* LKTestModels.m */ = {isa = PBXFileReference; fileEncoding = 4; lastKnownFileType = sourcecode.c.objc; path = LKTestModels.m; sourceTree = "<group>"; };
		366B23431CFD8A63006743C0 /* LKTestModels.h */ = {isa = PBXFileReference; fileEncoding = 4; lastKnownFileType = sourcecode.c.h; path = LKTestModels.h; sourceTree = "<group>"; };
		366B23451CFD8CEB006743C0 /* Snip20130620_6.png */ = {isa = PBXFileReference; lastKnownFileType = image.png; name = Snip20130620_6.png; path = ../../screenshot/Snip20130620_6.png; sourceTree = "<group>"; };
		367E23C527E33E2E00CA2E34 /* Watch.app */ = {isa = PBXFileReference; explicitFileType = wrapper.application; includeInIndex = 0; path = Watch.app; sourceTree = BUILT_PRODUCTS_DIR; };
		367E23C827E33E2E00CA2E34 /* Base */ = {isa = PBXFileReference; lastKnownFileType = file.storyboard; name = Base; path = Base.lproj/Interface.storyboard; sourceTree = "<group>"; };
		367E23CA27E33E3000CA2E34 /* Assets.xcassets */ = {isa = PBXFileReference; lastKnownFileType = folder.assetcatalog; path = Assets.xcassets; sourceTree = "<group>"; };
		367E23D027E33E3000CA2E34 /* Watch WatchKit Extension.appex */ = {isa = PBXFileReference; explicitFileType = "wrapper.app-extension"; includeInIndex = 0; path = "Watch WatchKit Extension.appex"; sourceTree = BUILT_PRODUCTS_DIR; };
		367E23D527E33E3000CA2E34 /* InterfaceController.h */ = {isa = PBXFileReference; lastKnownFileType = sourcecode.c.h; path = InterfaceController.h; sourceTree = "<group>"; };
		367E23D627E33E3000CA2E34 /* InterfaceController.m */ = {isa = PBXFileReference; lastKnownFileType = sourcecode.c.objc; path = InterfaceController.m; sourceTree = "<group>"; };
		367E23D827E33E3000CA2E34 /* ExtensionDelegate.h */ = {isa = PBXFileReference; lastKnownFileType = sourcecode.c.h; path = ExtensionDelegate.h; sourceTree = "<group>"; };
		367E23D927E33E3000CA2E34 /* ExtensionDelegate.m */ = {isa = PBXFileReference; lastKnownFileType = sourcecode.c.objc; path = ExtensionDelegate.m; sourceTree = "<group>"; };
		367E23DB27E33E3000CA2E34 /* NotificationController.h */ = {isa = PBXFileReference; lastKnownFileType = sourcecode.c.h; path = NotificationController.h; sourceTree = "<group>"; };
		367E23DC27E33E3000CA2E34 /* NotificationController.m */ = {isa = PBXFileReference; lastKnownFileType = sourcecode.c.objc; path = NotificationController.m; sourceTree = "<group>"; };
		367E23DE27E33E3000CA2E34 /* ComplicationController.h */ = {isa = PBXFileReference; lastKnownFileType = sourcecode.c.h; path = ComplicationController.h; sourceTree = "<group>"; };
		367E23DF27E33E3000CA2E34 /* ComplicationController.m */ = {isa = PBXFileReference; lastKnownFileType = sourcecode.c.objc; path = ComplicationController.m; sourceTree = "<group>"; };
		367E23E127E33E3200CA2E34 /* Assets.xcassets */ = {isa = PBXFileReference; lastKnownFileType = folder.assetcatalog; path = Assets.xcassets; sourceTree = "<group>"; };
		367E23E327E33E3200CA2E34 /* Info.plist */ = {isa = PBXFileReference; lastKnownFileType = text.plist.xml; path = Info.plist; sourceTree = "<group>"; };
		367E23E427E33E3200CA2E34 /* PushNotificationPayload.apns */ = {isa = PBXFileReference; lastKnownFileType = text; path = PushNotificationPayload.apns; sourceTree = "<group>"; };
		367E23F027E33F7800CA2E34 /* LKTestModels.m */ = {isa = PBXFileReference; fileEncoding = 4; lastKnownFileType = sourcecode.c.objc; path = LKTestModels.m; sourceTree = "<group>"; };
		367E23F127E33F7800CA2E34 /* LKTestModels.h */ = {isa = PBXFileReference; fileEncoding = 4; lastKnownFileType = sourcecode.c.h; path = LKTestModels.h; sourceTree = "<group>"; };
		38A1A8013E2D27102CA661B1 /* libPods-Watch WatchKit Extension.a */ = {isa = PBXFileReference; explicitFileType = archive.ar; includeInIndex = 0; path = "libPods-Watch WatchKit Extension.a"; sourceTree = BUILT_PRODUCTS_DIR; };
		A05ED3193E536326FFEB6E6B /* libPods-iOS-Demo.a */ = {isa = PBXFileReference; explicitFileType = archive.ar; includeInIndex = 0; path = "libPods-iOS-Demo.a"; sourceTree = BUILT_PRODUCTS_DIR; };
		AC46E909280B6824E099951C /* Pods-iOS-Demo.release.xcconfig */ = {isa = PBXFileReference; includeInIndex = 1; lastKnownFileType = text.xcconfig; name = "Pods-iOS-Demo.release.xcconfig"; path = "Pods/Target Support Files/Pods-iOS-Demo/Pods-iOS-Demo.release.xcconfig"; sourceTree = "<group>"; };
		C21AD4196EA5CAC93DC31B44 /* Pods-Watch WatchKit Extension.release.xcconfig */ = {isa = PBXFileReference; includeInIndex = 1; lastKnownFileType = text.xcconfig; name = "Pods-Watch WatchKit Extension.release.xcconfig"; path = "Pods/Target Support Files/Pods-Watch WatchKit Extension/Pods-Watch WatchKit Extension.release.xcconfig"; sourceTree = "<group>"; };
/* End PBXFileReference section */

/* Begin PBXFrameworksBuildPhase section */
		366B23251CFD87F5006743C0 /* Frameworks */ = {
			isa = PBXFrameworksBuildPhase;
			buildActionMask = 2147483647;
			files = (
				6BCE93B2428F3E6E81B59859 /* libPods-iOS-Demo.a in Frameworks */,
			);
			runOnlyForDeploymentPostprocessing = 0;
		};
		367E23CD27E33E3000CA2E34 /* Frameworks */ = {
			isa = PBXFrameworksBuildPhase;
			buildActionMask = 2147483647;
			files = (
				6D59022A8168D7078208AFD3 /* libPods-Watch WatchKit Extension.a in Frameworks */,
			);
			runOnlyForDeploymentPostprocessing = 0;
		};
		6DF1EF9244A3E57C31B0440E /* Frameworks */ = {
			isa = PBXFrameworksBuildPhase;
			buildActionMask = 2147483647;
			files = (
			);
			runOnlyForDeploymentPostprocessing = 0;
		};
/* End PBXFrameworksBuildPhase section */

/* Begin PBXGroup section */
		366B231F1CFD87F5006743C0 = {
			isa = PBXGroup;
			children = (
				366B232A1CFD87F5006743C0 /* iOS-Demo */,
				367E23C627E33E2E00CA2E34 /* Watch */,
				367E23D427E33E3000CA2E34 /* Watch WatchKit Extension */,
				366B23291CFD87F5006743C0 /* Products */,
				56BEF20A7ED730CD23D7555B /* Pods */,
				9C016E9C038F506B6823340A /* Frameworks */,
			);
			sourceTree = "<group>";
		};
		366B23291CFD87F5006743C0 /* Products */ = {
			isa = PBXGroup;
			children = (
				366B23281CFD87F5006743C0 /* iOS-Demo.app */,
				367E23C527E33E2E00CA2E34 /* Watch.app */,
				367E23D027E33E3000CA2E34 /* Watch WatchKit Extension.appex */,
			);
			name = Products;
			sourceTree = "<group>";
		};
		366B232A1CFD87F5006743C0 /* iOS-Demo */ = {
			isa = PBXGroup;
			children = (
				366B23451CFD8CEB006743C0 /* Snip20130620_6.png */,
				366B23431CFD8A63006743C0 /* LKTestModels.h */,
				366B23421CFD8A63006743C0 /* LKTestModels.m */,
				366B232E1CFD87F5006743C0 /* AppDelegate.h */,
				366B232F1CFD87F5006743C0 /* AppDelegate.m */,
				366B23371CFD87F5006743C0 /* Assets.xcassets */,
				366B23391CFD87F5006743C0 /* LaunchScreen.storyboard */,
				366B233C1CFD87F5006743C0 /* Info.plist */,
				366B232B1CFD87F5006743C0 /* Supporting Files */,
			);
			path = "iOS-Demo";
			sourceTree = "<group>";
		};
		366B232B1CFD87F5006743C0 /* Supporting Files */ = {
			isa = PBXGroup;
			children = (
				366B232C1CFD87F5006743C0 /* main.m */,
			);
			name = "Supporting Files";
			sourceTree = "<group>";
		};
		367E23C627E33E2E00CA2E34 /* Watch */ = {
			isa = PBXGroup;
			children = (
				367E23C727E33E2E00CA2E34 /* Interface.storyboard */,
				367E23CA27E33E3000CA2E34 /* Assets.xcassets */,
			);
			path = Watch;
			sourceTree = "<group>";
		};
		367E23D427E33E3000CA2E34 /* Watch WatchKit Extension */ = {
			isa = PBXGroup;
			children = (
				367E23F127E33F7800CA2E34 /* LKTestModels.h */,
				367E23F027E33F7800CA2E34 /* LKTestModels.m */,
				367E23D527E33E3000CA2E34 /* InterfaceController.h */,
				367E23D627E33E3000CA2E34 /* InterfaceController.m */,
				367E23D827E33E3000CA2E34 /* ExtensionDelegate.h */,
				367E23D927E33E3000CA2E34 /* ExtensionDelegate.m */,
				367E23DB27E33E3000CA2E34 /* NotificationController.h */,
				367E23DC27E33E3000CA2E34 /* NotificationController.m */,
				367E23DE27E33E3000CA2E34 /* ComplicationController.h */,
				367E23DF27E33E3000CA2E34 /* ComplicationController.m */,
				367E23E127E33E3200CA2E34 /* Assets.xcassets */,
				367E23E327E33E3200CA2E34 /* Info.plist */,
				367E23E427E33E3200CA2E34 /* PushNotificationPayload.apns */,
			);
			path = "Watch WatchKit Extension";
			sourceTree = "<group>";
		};
		56BEF20A7ED730CD23D7555B /* Pods */ = {
			isa = PBXGroup;
			children = (
				04A320133495C12FA82ACD0B /* Pods-iOS-Demo.debug.xcconfig */,
				AC46E909280B6824E099951C /* Pods-iOS-Demo.release.xcconfig */,
				1864E69F1BAF807B42B2A7AA /* Pods-Watch WatchKit Extension.debug.xcconfig */,
				C21AD4196EA5CAC93DC31B44 /* Pods-Watch WatchKit Extension.release.xcconfig */,
			);
			name = Pods;
			sourceTree = "<group>";
		};
		9C016E9C038F506B6823340A /* Frameworks */ = {
			isa = PBXGroup;
			children = (
				A05ED3193E536326FFEB6E6B /* libPods-iOS-Demo.a */,
				38A1A8013E2D27102CA661B1 /* libPods-Watch WatchKit Extension.a */,
			);
			name = Frameworks;
			sourceTree = "<group>";
		};
/* End PBXGroup section */

/* Begin PBXNativeTarget section */
		366B23271CFD87F5006743C0 /* iOS-Demo */ = {
			isa = PBXNativeTarget;
			buildConfigurationList = 366B233F1CFD87F5006743C0 /* Build configuration list for PBXNativeTarget "iOS-Demo" */;
			buildPhases = (
				2508269027392FC2381A1D29 /* [CP] Check Pods Manifest.lock */,
				366B23241CFD87F5006743C0 /* Sources */,
				366B23251CFD87F5006743C0 /* Frameworks */,
				366B23261CFD87F5006743C0 /* Resources */,
				367E23E827E33E3200CA2E34 /* Embed Watch Content */,
			);
			buildRules = (
			);
			dependencies = (
				367E23E627E33E3200CA2E34 /* PBXTargetDependency */,
			);
			name = "iOS-Demo";
			productName = "iOS-Demo";
			productReference = 366B23281CFD87F5006743C0 /* iOS-Demo.app */;
			productType = "com.apple.product-type.application";
		};
		367E23C427E33E2E00CA2E34 /* Watch */ = {
			isa = PBXNativeTarget;
			buildConfigurationList = 367E23EF27E33E3200CA2E34 /* Build configuration list for PBXNativeTarget "Watch" */;
			buildPhases = (
				367E23C327E33E2E00CA2E34 /* Resources */,
				367E23EB27E33E3200CA2E34 /* Embed App Extensions */,
				6DF1EF9244A3E57C31B0440E /* Frameworks */,
			);
			buildRules = (
			);
			dependencies = (
				367E23D327E33E3000CA2E34 /* PBXTargetDependency */,
			);
			name = Watch;
			productName = Watch;
			productReference = 367E23C527E33E2E00CA2E34 /* Watch.app */;
			productType = "com.apple.product-type.application.watchapp2";
		};
		367E23CF27E33E3000CA2E34 /* Watch WatchKit Extension */ = {
			isa = PBXNativeTarget;
			buildConfigurationList = 367E23EE27E33E3200CA2E34 /* Build configuration list for PBXNativeTarget "Watch WatchKit Extension" */;
			buildPhases = (
				33F55C2264141587F1B93C50 /* [CP] Check Pods Manifest.lock */,
				367E23CC27E33E3000CA2E34 /* Sources */,
				367E23CD27E33E3000CA2E34 /* Frameworks */,
				367E23CE27E33E3000CA2E34 /* Resources */,
			);
			buildRules = (
			);
			dependencies = (
			);
			name = "Watch WatchKit Extension";
			productName = "Watch WatchKit Extension";
			productReference = 367E23D027E33E3000CA2E34 /* Watch WatchKit Extension.appex */;
			productType = "com.apple.product-type.watchkit2-extension";
		};
/* End PBXNativeTarget section */

/* Begin PBXProject section */
		366B23201CFD87F5006743C0 /* Project object */ = {
			isa = PBXProject;
			attributes = {
				LastUpgradeCheck = 0800;
				ORGANIZATIONNAME = ljh;
				TargetAttributes = {
					366B23271CFD87F5006743C0 = {
						CreatedOnToolsVersion = 7.3.1;
					};
					367E23C427E33E2E00CA2E34 = {
						CreatedOnToolsVersion = 13.2.1;
						ProvisioningStyle = Automatic;
					};
					367E23CF27E33E3000CA2E34 = {
						CreatedOnToolsVersion = 13.2.1;
						DevelopmentTeam = 5B7Y4EXP24;
						ProvisioningStyle = Automatic;
					};
				};
			};
			buildConfigurationList = 366B23231CFD87F5006743C0 /* Build configuration list for PBXProject "iOS-Demo" */;
			compatibilityVersion = "Xcode 3.2";
			developmentRegion = English;
			hasScannedForEncodings = 0;
			knownRegions = (
				English,
				en,
				Base,
			);
			mainGroup = 366B231F1CFD87F5006743C0;
			productRefGroup = 366B23291CFD87F5006743C0 /* Products */;
			projectDirPath = "";
			projectRoot = "";
			targets = (
				366B23271CFD87F5006743C0 /* iOS-Demo */,
				367E23C427E33E2E00CA2E34 /* Watch */,
				367E23CF27E33E3000CA2E34 /* Watch WatchKit Extension */,
			);
		};
/* End PBXProject section */

/* Begin PBXResourcesBuildPhase section */
		366B23261CFD87F5006743C0 /* Resources */ = {
			isa = PBXResourcesBuildPhase;
			buildActionMask = 2147483647;
			files = (
				366B233B1CFD87F5006743C0 /* LaunchScreen.storyboard in Resources */,
				366B23381CFD87F5006743C0 /* Assets.xcassets in Resources */,
				366B23461CFD8CEB006743C0 /* Snip20130620_6.png in Resources */,
			);
			runOnlyForDeploymentPostprocessing = 0;
		};
		367E23C327E33E2E00CA2E34 /* Resources */ = {
			isa = PBXResourcesBuildPhase;
			buildActionMask = 2147483647;
			files = (
				367E23CB27E33E3000CA2E34 /* Assets.xcassets in Resources */,
				367E23C927E33E2E00CA2E34 /* Interface.storyboard in Resources */,
			);
			runOnlyForDeploymentPostprocessing = 0;
		};
		367E23CE27E33E3000CA2E34 /* Resources */ = {
			isa = PBXResourcesBuildPhase;
			buildActionMask = 2147483647;
			files = (
				367E23E227E33E3200CA2E34 /* Assets.xcassets in Resources */,
			);
			runOnlyForDeploymentPostprocessing = 0;
		};
/* End PBXResourcesBuildPhase section */

/* Begin PBXShellScriptBuildPhase section */
		2508269027392FC2381A1D29 /* [CP] Check Pods Manifest.lock */ = {
			isa = PBXShellScriptBuildPhase;
			buildActionMask = 2147483647;
			files = (
			);
			inputPaths = (
				"${PODS_PODFILE_DIR_PATH}/Podfile.lock",
				"${PODS_ROOT}/Manifest.lock",
			);
			name = "[CP] Check Pods Manifest.lock";
			outputPaths = (
				"$(DERIVED_FILE_DIR)/Pods-iOS-Demo-checkManifestLockResult.txt",
			);
			runOnlyForDeploymentPostprocessing = 0;
			shellPath = /bin/sh;
			shellScript = "diff \"${PODS_PODFILE_DIR_PATH}/Podfile.lock\" \"${PODS_ROOT}/Manifest.lock\" > /dev/null\nif [ $? != 0 ] ; then\n    # print error to STDERR\n    echo \"error: The sandbox is not in sync with the Podfile.lock. Run 'pod install' or update your CocoaPods installation.\" >&2\n    exit 1\nfi\n# This output is used by Xcode 'outputs' to avoid re-running this script phase.\necho \"SUCCESS\" > \"${SCRIPT_OUTPUT_FILE_0}\"\n";
			showEnvVarsInLog = 0;
		};
		33F55C2264141587F1B93C50 /* [CP] Check Pods Manifest.lock */ = {
			isa = PBXShellScriptBuildPhase;
			buildActionMask = 2147483647;
			files = (
			);
			inputFileListPaths = (
			);
			inputPaths = (
				"${PODS_PODFILE_DIR_PATH}/Podfile.lock",
				"${PODS_ROOT}/Manifest.lock",
			);
			name = "[CP] Check Pods Manifest.lock";
			outputFileListPaths = (
			);
			outputPaths = (
				"$(DERIVED_FILE_DIR)/Pods-Watch WatchKit Extension-checkManifestLockResult.txt",
			);
			runOnlyForDeploymentPostprocessing = 0;
			shellPath = /bin/sh;
			shellScript = "diff \"${PODS_PODFILE_DIR_PATH}/Podfile.lock\" \"${PODS_ROOT}/Manifest.lock\" > /dev/null\nif [ $? != 0 ] ; then\n    # print error to STDERR\n    echo \"error: The sandbox is not in sync with the Podfile.lock. Run 'pod install' or update your CocoaPods installation.\" >&2\n    exit 1\nfi\n# This output is used by Xcode 'outputs' to avoid re-running this script phase.\necho \"SUCCESS\" > \"${SCRIPT_OUTPUT_FILE_0}\"\n";
			showEnvVarsInLog = 0;
		};
/* End PBXShellScriptBuildPhase section */

/* Begin PBXSourcesBuildPhase section */
		366B23241CFD87F5006743C0 /* Sources */ = {
			isa = PBXSourcesBuildPhase;
			buildActionMask = 2147483647;
			files = (
				366B23441CFD8A63006743C0 /* LKTestModels.m in Sources */,
				366B23301CFD87F5006743C0 /* AppDelegate.m in Sources */,
				366B232D1CFD87F5006743C0 /* main.m in Sources */,
			);
			runOnlyForDeploymentPostprocessing = 0;
		};
		367E23CC27E33E3000CA2E34 /* Sources */ = {
			isa = PBXSourcesBuildPhase;
			buildActionMask = 2147483647;
			files = (
				367E23DA27E33E3000CA2E34 /* ExtensionDelegate.m in Sources */,
				367E23E027E33E3000CA2E34 /* ComplicationController.m in Sources */,
				367E23F227E33F7800CA2E34 /* LKTestModels.m in Sources */,
				367E23D727E33E3000CA2E34 /* InterfaceController.m in Sources */,
				367E23DD27E33E3000CA2E34 /* NotificationController.m in Sources */,
			);
			runOnlyForDeploymentPostprocessing = 0;
		};
/* End PBXSourcesBuildPhase section */

/* Begin PBXTargetDependency section */
		367E23D327E33E3000CA2E34 /* PBXTargetDependency */ = {
			isa = PBXTargetDependency;
			target = 367E23CF27E33E3000CA2E34 /* Watch WatchKit Extension */;
			targetProxy = 367E23D227E33E3000CA2E34 /* PBXContainerItemProxy */;
		};
		367E23E627E33E3200CA2E34 /* PBXTargetDependency */ = {
			isa = PBXTargetDependency;
			target = 367E23C427E33E2E00CA2E34 /* Watch */;
			targetProxy = 367E23E527E33E3200CA2E34 /* PBXContainerItemProxy */;
		};
/* End PBXTargetDependency section */

/* Begin PBXVariantGroup section */
		366B23391CFD87F5006743C0 /* LaunchScreen.storyboard */ = {
			isa = PBXVariantGroup;
			children = (
				366B233A1CFD87F5006743C0 /* Base */,
			);
			name = LaunchScreen.storyboard;
			sourceTree = "<group>";
		};
		367E23C727E33E2E00CA2E34 /* Interface.storyboard */ = {
			isa = PBXVariantGroup;
			children = (
				367E23C827E33E2E00CA2E34 /* Base */,
			);
			name = Interface.storyboard;
			sourceTree = "<group>";
		};
/* End PBXVariantGroup section */

/* Begin XCBuildConfiguration section */
		366B233D1CFD87F5006743C0 /* Debug */ = {
			isa = XCBuildConfiguration;
			buildSettings = {
				ALWAYS_SEARCH_USER_PATHS = NO;
				CLANG_ANALYZER_NONNULL = YES;
				CLANG_CXX_LANGUAGE_STANDARD = "gnu++0x";
				CLANG_CXX_LIBRARY = "libc++";
				CLANG_ENABLE_MODULES = YES;
				CLANG_ENABLE_OBJC_ARC = YES;
				CLANG_WARN_BOOL_CONVERSION = YES;
				CLANG_WARN_CONSTANT_CONVERSION = YES;
				CLANG_WARN_DIRECT_OBJC_ISA_USAGE = YES_ERROR;
				CLANG_WARN_EMPTY_BODY = YES;
				CLANG_WARN_ENUM_CONVERSION = YES;
				CLANG_WARN_INFINITE_RECURSION = YES;
				CLANG_WARN_INT_CONVERSION = YES;
				CLANG_WARN_OBJC_ROOT_CLASS = YES_ERROR;
				CLANG_WARN_SUSPICIOUS_MOVE = YES;
				CLANG_WARN_UNREACHABLE_CODE = YES;
				CLANG_WARN__DUPLICATE_METHOD_MATCH = YES;
				"CODE_SIGN_IDENTITY[sdk=iphoneos*]" = "iPhone Developer";
				COPY_PHASE_STRIP = NO;
				DEBUG_INFORMATION_FORMAT = dwarf;
				ENABLE_STRICT_OBJC_MSGSEND = YES;
				ENABLE_TESTABILITY = YES;
				GCC_C_LANGUAGE_STANDARD = gnu99;
				GCC_DYNAMIC_NO_PIC = NO;
				GCC_NO_COMMON_BLOCKS = YES;
				GCC_OPTIMIZATION_LEVEL = 0;
				GCC_PREPROCESSOR_DEFINITIONS = (
					"DEBUG=1",
					"$(inherited)",
				);
				GCC_WARN_64_TO_32_BIT_CONVERSION = YES;
				GCC_WARN_ABOUT_RETURN_TYPE = YES_ERROR;
				GCC_WARN_UNDECLARED_SELECTOR = YES;
				GCC_WARN_UNINITIALIZED_AUTOS = YES_AGGRESSIVE;
				GCC_WARN_UNUSED_FUNCTION = YES;
				GCC_WARN_UNUSED_VARIABLE = YES;
				IPHONEOS_DEPLOYMENT_TARGET = 8.0;
				MTL_ENABLE_DEBUG_INFO = YES;
				ONLY_ACTIVE_ARCH = YES;
				SDKROOT = iphoneos;
				TARGETED_DEVICE_FAMILY = "1,2";
			};
			name = Debug;
		};
		366B233E1CFD87F5006743C0 /* Release */ = {
			isa = XCBuildConfiguration;
			buildSettings = {
				ALWAYS_SEARCH_USER_PATHS = NO;
				CLANG_ANALYZER_NONNULL = YES;
				CLANG_CXX_LANGUAGE_STANDARD = "gnu++0x";
				CLANG_CXX_LIBRARY = "libc++";
				CLANG_ENABLE_MODULES = YES;
				CLANG_ENABLE_OBJC_ARC = YES;
				CLANG_WARN_BOOL_CONVERSION = YES;
				CLANG_WARN_CONSTANT_CONVERSION = YES;
				CLANG_WARN_DIRECT_OBJC_ISA_USAGE = YES_ERROR;
				CLANG_WARN_EMPTY_BODY = YES;
				CLANG_WARN_ENUM_CONVERSION = YES;
				CLANG_WARN_INFINITE_RECURSION = YES;
				CLANG_WARN_INT_CONVERSION = YES;
				CLANG_WARN_OBJC_ROOT_CLASS = YES_ERROR;
				CLANG_WARN_SUSPICIOUS_MOVE = YES;
				CLANG_WARN_UNREACHABLE_CODE = YES;
				CLANG_WARN__DUPLICATE_METHOD_MATCH = YES;
				"CODE_SIGN_IDENTITY[sdk=iphoneos*]" = "iPhone Developer";
				COPY_PHASE_STRIP = NO;
				DEBUG_INFORMATION_FORMAT = "dwarf-with-dsym";
				ENABLE_NS_ASSERTIONS = NO;
				ENABLE_STRICT_OBJC_MSGSEND = YES;
				GCC_C_LANGUAGE_STANDARD = gnu99;
				GCC_NO_COMMON_BLOCKS = YES;
				GCC_WARN_64_TO_32_BIT_CONVERSION = YES;
				GCC_WARN_ABOUT_RETURN_TYPE = YES_ERROR;
				GCC_WARN_UNDECLARED_SELECTOR = YES;
				GCC_WARN_UNINITIALIZED_AUTOS = YES_AGGRESSIVE;
				GCC_WARN_UNUSED_FUNCTION = YES;
				GCC_WARN_UNUSED_VARIABLE = YES;
				IPHONEOS_DEPLOYMENT_TARGET = 8.0;
				MTL_ENABLE_DEBUG_INFO = NO;
				SDKROOT = iphoneos;
				TARGETED_DEVICE_FAMILY = "1,2";
				VALIDATE_PRODUCT = YES;
			};
			name = Release;
		};
		366B23401CFD87F5006743C0 /* Debug */ = {
			isa = XCBuildConfiguration;
			baseConfigurationReference = 04A320133495C12FA82ACD0B /* Pods-iOS-Demo.debug.xcconfig */;
			buildSettings = {
				ASSETCATALOG_COMPILER_APPICON_NAME = AppIcon;
				INFOPLIST_FILE = "iOS-Demo/Info.plist";
				IPHONEOS_DEPLOYMENT_TARGET = 8.0;
				LD_RUNPATH_SEARCH_PATHS = "$(inherited) @executable_path/Frameworks";
				PRODUCT_BUNDLE_IDENTIFIER = "ljh.iOS-Demo";
				PRODUCT_NAME = "$(TARGET_NAME)";
			};
			name = Debug;
		};
		366B23411CFD87F5006743C0 /* Release */ = {
			isa = XCBuildConfiguration;
			baseConfigurationReference = AC46E909280B6824E099951C /* Pods-iOS-Demo.release.xcconfig */;
			buildSettings = {
				ASSETCATALOG_COMPILER_APPICON_NAME = AppIcon;
				INFOPLIST_FILE = "iOS-Demo/Info.plist";
				IPHONEOS_DEPLOYMENT_TARGET = 8.0;
				LD_RUNPATH_SEARCH_PATHS = "$(inherited) @executable_path/Frameworks";
				PRODUCT_BUNDLE_IDENTIFIER = "ljh.iOS-Demo";
				PRODUCT_NAME = "$(TARGET_NAME)";
			};
			name = Release;
		};
		367E23E927E33E3200CA2E34 /* Debug */ = {
			isa = XCBuildConfiguration;
			buildSettings = {
				ASSETCATALOG_COMPILER_APPICON_NAME = AppIcon;
				ASSETCATALOG_COMPILER_GLOBAL_ACCENT_COLOR_NAME = AccentColor;
				CLANG_ANALYZER_NUMBER_OBJECT_CONVERSION = YES_AGGRESSIVE;
				CLANG_CXX_LANGUAGE_STANDARD = "gnu++17";
				CLANG_ENABLE_OBJC_WEAK = YES;
				CLANG_WARN_BLOCK_CAPTURE_AUTORELEASING = YES;
				CLANG_WARN_COMMA = YES;
				CLANG_WARN_DEPRECATED_OBJC_IMPLEMENTATIONS = YES;
				CLANG_WARN_DOCUMENTATION_COMMENTS = YES;
				CLANG_WARN_NON_LITERAL_NULL_CONVERSION = YES;
				CLANG_WARN_OBJC_IMPLICIT_RETAIN_SELF = YES;
				CLANG_WARN_OBJC_LITERAL_CONVERSION = YES;
				CLANG_WARN_QUOTED_INCLUDE_IN_FRAMEWORK_HEADER = YES;
				CLANG_WARN_RANGE_LOOP_ANALYSIS = YES;
				CLANG_WARN_STRICT_PROTOTYPES = YES;
				CLANG_WARN_UNGUARDED_AVAILABILITY = YES_AGGRESSIVE;
				CODE_SIGN_STYLE = Automatic;
				CURRENT_PROJECT_VERSION = 1;
				GCC_C_LANGUAGE_STANDARD = gnu11;
				GENERATE_INFOPLIST_FILE = YES;
				IBSC_MODULE = Watch_WatchKit_Extension;
				INFOPLIST_KEY_CFBundleDisplayName = Watch;
				INFOPLIST_KEY_UISupportedInterfaceOrientations = "UIInterfaceOrientationPortrait UIInterfaceOrientationPortraitUpsideDown";
				INFOPLIST_KEY_WKCompanionAppBundleIdentifier = "ljh.iOS-Demo";
				MARKETING_VERSION = 1.0;
				MTL_ENABLE_DEBUG_INFO = INCLUDE_SOURCE;
				MTL_FAST_MATH = YES;
				PRODUCT_BUNDLE_IDENTIFIER = "ljh.iOS-Demo.watchkitapp";
				PRODUCT_NAME = "$(TARGET_NAME)";
				SDKROOT = watchos;
				SKIP_INSTALL = YES;
				SWIFT_EMIT_LOC_STRINGS = YES;
				TARGETED_DEVICE_FAMILY = 4;
				WATCHOS_DEPLOYMENT_TARGET = 2.0;
			};
			name = Debug;
		};
		367E23EA27E33E3200CA2E34 /* Release */ = {
			isa = XCBuildConfiguration;
			buildSettings = {
				ASSETCATALOG_COMPILER_APPICON_NAME = AppIcon;
				ASSETCATALOG_COMPILER_GLOBAL_ACCENT_COLOR_NAME = AccentColor;
				CLANG_ANALYZER_NUMBER_OBJECT_CONVERSION = YES_AGGRESSIVE;
				CLANG_CXX_LANGUAGE_STANDARD = "gnu++17";
				CLANG_ENABLE_OBJC_WEAK = YES;
				CLANG_WARN_BLOCK_CAPTURE_AUTORELEASING = YES;
				CLANG_WARN_COMMA = YES;
				CLANG_WARN_DEPRECATED_OBJC_IMPLEMENTATIONS = YES;
				CLANG_WARN_DOCUMENTATION_COMMENTS = YES;
				CLANG_WARN_NON_LITERAL_NULL_CONVERSION = YES;
				CLANG_WARN_OBJC_IMPLICIT_RETAIN_SELF = YES;
				CLANG_WARN_OBJC_LITERAL_CONVERSION = YES;
				CLANG_WARN_QUOTED_INCLUDE_IN_FRAMEWORK_HEADER = YES;
				CLANG_WARN_RANGE_LOOP_ANALYSIS = YES;
				CLANG_WARN_STRICT_PROTOTYPES = YES;
				CLANG_WARN_UNGUARDED_AVAILABILITY = YES_AGGRESSIVE;
				CODE_SIGN_STYLE = Automatic;
				CURRENT_PROJECT_VERSION = 1;
				GCC_C_LANGUAGE_STANDARD = gnu11;
				GENERATE_INFOPLIST_FILE = YES;
				IBSC_MODULE = Watch_WatchKit_Extension;
				INFOPLIST_KEY_CFBundleDisplayName = Watch;
				INFOPLIST_KEY_UISupportedInterfaceOrientations = "UIInterfaceOrientationPortrait UIInterfaceOrientationPortraitUpsideDown";
				INFOPLIST_KEY_WKCompanionAppBundleIdentifier = "ljh.iOS-Demo";
				MARKETING_VERSION = 1.0;
				MTL_FAST_MATH = YES;
				PRODUCT_BUNDLE_IDENTIFIER = "ljh.iOS-Demo.watchkitapp";
				PRODUCT_NAME = "$(TARGET_NAME)";
				SDKROOT = watchos;
				SKIP_INSTALL = YES;
				SWIFT_EMIT_LOC_STRINGS = YES;
				TARGETED_DEVICE_FAMILY = 4;
				WATCHOS_DEPLOYMENT_TARGET = 2.0;
			};
			name = Release;
		};
		367E23EC27E33E3200CA2E34 /* Debug */ = {
			isa = XCBuildConfiguration;
			baseConfigurationReference = 1864E69F1BAF807B42B2A7AA /* Pods-Watch WatchKit Extension.debug.xcconfig */;
			buildSettings = {
				ASSETCATALOG_COMPILER_COMPLICATION_NAME = Complication;
				CLANG_ANALYZER_NUMBER_OBJECT_CONVERSION = YES_AGGRESSIVE;
				CLANG_CXX_LANGUAGE_STANDARD = "gnu++17";
				CLANG_ENABLE_OBJC_WEAK = YES;
				CLANG_WARN_BLOCK_CAPTURE_AUTORELEASING = YES;
				CLANG_WARN_COMMA = YES;
				CLANG_WARN_DEPRECATED_OBJC_IMPLEMENTATIONS = YES;
				CLANG_WARN_DOCUMENTATION_COMMENTS = YES;
				CLANG_WARN_NON_LITERAL_NULL_CONVERSION = YES;
				CLANG_WARN_OBJC_IMPLICIT_RETAIN_SELF = YES;
				CLANG_WARN_OBJC_LITERAL_CONVERSION = YES;
				CLANG_WARN_QUOTED_INCLUDE_IN_FRAMEWORK_HEADER = YES;
				CLANG_WARN_RANGE_LOOP_ANALYSIS = YES;
				CLANG_WARN_STRICT_PROTOTYPES = YES;
				CLANG_WARN_UNGUARDED_AVAILABILITY = YES_AGGRESSIVE;
				CODE_SIGN_STYLE = Automatic;
				CURRENT_PROJECT_VERSION = 1;
				DEVELOPMENT_TEAM = 5B7Y4EXP24;
				GCC_C_LANGUAGE_STANDARD = gnu11;
				GENERATE_INFOPLIST_FILE = YES;
				HEADER_SEARCH_PATHS = "$(inherited)";
				INFOPLIST_FILE = "Watch WatchKit Extension/Info.plist";
				INFOPLIST_KEY_CFBundleDisplayName = "Watch WatchKit Extension";
				INFOPLIST_KEY_CLKComplicationPrincipalClass = ComplicationController;
				INFOPLIST_KEY_NSHumanReadableCopyright = "Copyright © 2022 ljh. All rights reserved.";
				INFOPLIST_KEY_WKExtensionDelegateClassName = ExtensionDelegate;
				LD_RUNPATH_SEARCH_PATHS = "$(inherited) @executable_path/Frameworks @executable_path/../../Frameworks";
				LIBRARY_SEARCH_PATHS = "$(inherited)";
				MARKETING_VERSION = 1.0;
				MTL_ENABLE_DEBUG_INFO = INCLUDE_SOURCE;
				MTL_FAST_MATH = YES;
				OTHER_LDFLAGS = "$(inherited)";
				PRODUCT_BUNDLE_IDENTIFIER = "ljh.iOS-Demo.watchkitapp.watchkitextension";
				PRODUCT_NAME = "${TARGET_NAME}";
				SDKROOT = watchos;
				SKIP_INSTALL = YES;
				SWIFT_EMIT_LOC_STRINGS = YES;
				TARGETED_DEVICE_FAMILY = 4;
				WATCHOS_DEPLOYMENT_TARGET = 2.0;
			};
			name = Debug;
		};
		367E23ED27E33E3200CA2E34 /* Release */ = {
			isa = XCBuildConfiguration;
			baseConfigurationReference = C21AD4196EA5CAC93DC31B44 /* Pods-Watch WatchKit Extension.release.xcconfig */;
			buildSettings = {
				ASSETCATALOG_COMPILER_COMPLICATION_NAME = Complication;
				CLANG_ANALYZER_NUMBER_OBJECT_CONVERSION = YES_AGGRESSIVE;
				CLANG_CXX_LANGUAGE_STANDARD = "gnu++17";
				CLANG_ENABLE_OBJC_WEAK = YES;
				CLANG_WARN_BLOCK_CAPTURE_AUTORELEASING = YES;
				CLANG_WARN_COMMA = YES;
				CLANG_WARN_DEPRECATED_OBJC_IMPLEMENTATIONS = YES;
				CLANG_WARN_DOCUMENTATION_COMMENTS = YES;
				CLANG_WARN_NON_LITERAL_NULL_CONVERSION = YES;
				CLANG_WARN_OBJC_IMPLICIT_RETAIN_SELF = YES;
				CLANG_WARN_OBJC_LITERAL_CONVERSION = YES;
				CLANG_WARN_QUOTED_INCLUDE_IN_FRAMEWORK_HEADER = YES;
				CLANG_WARN_RANGE_LOOP_ANALYSIS = YES;
				CLANG_WARN_STRICT_PROTOTYPES = YES;
				CLANG_WARN_UNGUARDED_AVAILABILITY = YES_AGGRESSIVE;
				CODE_SIGN_STYLE = Automatic;
				CURRENT_PROJECT_VERSION = 1;
				DEVELOPMENT_TEAM = 5B7Y4EXP24;
				GCC_C_LANGUAGE_STANDARD = gnu11;
				GENERATE_INFOPLIST_FILE = YES;
				HEADER_SEARCH_PATHS = "$(inherited)";
				INFOPLIST_FILE = "Watch WatchKit Extension/Info.plist";
				INFOPLIST_KEY_CFBundleDisplayName = "Watch WatchKit Extension";
				INFOPLIST_KEY_CLKComplicationPrincipalClass = ComplicationController;
				INFOPLIST_KEY_NSHumanReadableCopyright = "Copyright © 2022 ljh. All rights reserved.";
				INFOPLIST_KEY_WKExtensionDelegateClassName = ExtensionDelegate;
				LD_RUNPATH_SEARCH_PATHS = "$(inherited) @executable_path/Frameworks @executable_path/../../Frameworks";
				LIBRARY_SEARCH_PATHS = "$(inherited)";
				MARKETING_VERSION = 1.0;
				MTL_FAST_MATH = YES;
				OTHER_LDFLAGS = "$(inherited)";
				PRODUCT_BUNDLE_IDENTIFIER = "ljh.iOS-Demo.watchkitapp.watchkitextension";
				PRODUCT_NAME = "${TARGET_NAME}";
				SDKROOT = watchos;
				SKIP_INSTALL = YES;
				SWIFT_EMIT_LOC_STRINGS = YES;
				TARGETED_DEVICE_FAMILY = 4;
				WATCHOS_DEPLOYMENT_TARGET = 2.0;
			};
			name = Release;
		};
/* End XCBuildConfiguration section */

/* Begin XCConfigurationList section */
		366B23231CFD87F5006743C0 /* Build configuration list for PBXProject "iOS-Demo" */ = {
			isa = XCConfigurationList;
			buildConfigurations = (
				366B233D1CFD87F5006743C0 /* Debug */,
				366B233E1CFD87F5006743C0 /* Release */,
			);
			defaultConfigurationIsVisible = 0;
			defaultConfigurationName = Release;
		};
		366B233F1CFD87F5006743C0 /* Build configuration list for PBXNativeTarget "iOS-Demo" */ = {
			isa = XCConfigurationList;
			buildConfigurations = (
				366B23401CFD87F5006743C0 /* Debug */,
				366B23411CFD87F5006743C0 /* Release */,
			);
			defaultConfigurationIsVisible = 0;
			defaultConfigurationName = Release;
		};
		367E23EE27E33E3200CA2E34 /* Build configuration list for PBXNativeTarget "Watch WatchKit Extension" */ = {
			isa = XCConfigurationList;
			buildConfigurations = (
				367E23EC27E33E3200CA2E34 /* Debug */,
				367E23ED27E33E3200CA2E34 /* Release */,
			);
			defaultConfigurationIsVisible = 0;
			defaultConfigurationName = Release;
		};
		367E23EF27E33E3200CA2E34 /* Build configuration list for PBXNativeTarget "Watch" */ = {
			isa = XCConfigurationList;
			buildConfigurations = (
				367E23E927E33E3200CA2E34 /* Debug */,
				367E23EA27E33E3200CA2E34 /* Release */,
			);
			defaultConfigurationIsVisible = 0;
			defaultConfigurationName = Release;
		};
/* End XCConfigurationList section */
	};
	rootObject = 366B23201CFD87F5006743C0 /* Project object */;
}
