// !$*UTF8*$!
{
	archiveVersion = 1;
	classes = {
	};
	objectVersion = 46;
	objects = {

/* Begin PBXBuildFile section */
		366B232D1CFD87F5006743C0 /* main.m in Sources */ = {isa = PBXBuildFile; fileRef = 366B232C1CFD87F5006743C0 /* main.m */; };
		366B23301CFD87F5006743C0 /* AppDelegate.m in Sources */ = {isa = PBXBuildFile; fileRef = 366B232F1CFD87F5006743C0 /* AppDelegate.m */; };
		366B23381CFD87F5006743C0 /* Assets.xcassets in Resources */ = {isa = PBXBuildFile; fileRef = 366B23371CFD87F5006743C0 /* Assets.xcassets */; };
		366B233B1CFD87F5006743C0 /* LaunchScreen.storyboard in Resources */ = {isa = PBXBuildFile; fileRef = 366B23391CFD87F5006743C0 /* LaunchScreen.storyboard */; };
		366B23441CFD8A63006743C0 /* LKTestModels.m in Sources */ = {isa = PBXBuildFile; fileRef = 366B23421CFD8A63006743C0 /* LKTestModels.m */; };
		366B23461CFD8CEB006743C0 /* Snip20130620_6.png in Resources */ = {isa = PBXBuildFile; fileRef = 366B23451CFD8CEB006743C0 /* Snip20130620_6.png */; };
		6BCE93B2428F3E6E81B59859 /* libPods-iOS-Demo.a in Frameworks */ = {isa = PBXBuildFile; fileRef = A05ED3193E536326FFEB6E6B /* libPods-iOS-Demo.a */; };
/* End PBXBuildFile section */

/* Begin PBXFileReference section */
		04A320133495C12FA82ACD0B /* Pods-iOS-Demo.debug.xcconfig */ = {isa = PBXFileReference; includeInIndex = 1; lastKnownFileType = text.xcconfig; name = "Pods-iOS-Demo.debug.xcconfig"; path = "Pods/Target Support Files/Pods-iOS-Demo/Pods-iOS-Demo.debug.xcconfig"; sourceTree = "<group>"; };
		366B23281CFD87F5006743C0 /* iOS-Demo.app */ = {isa = PBXFileReference; explicitFileType = wrapper.application; includeInIndex = 0; path = "iOS-Demo.app"; sourceTree = BUILT_PRODUCTS_DIR; };
		366B232C1CFD87F5006743C0 /* main.m */ = {isa = PBXFileReference; lastKnownFileType = sourcecode.c.objc; path = main.m; sourceTree = "<group>"; };
		366B232E1CFD87F5006743C0 /* AppDelegate.h */ = {isa = PBXFileReference; lastKnownFileType = sourcecode.c.h; path = AppDelegate.h; sourceTree = "<group>"; };
		366B232F1CFD87F5006743C0 /* AppDelegate.m */ = {isa = PBXFileReference; lastKnownFileType = sourcecode.c.objc; path = AppDelegate.m; sourceTree = "<group>"; };
		366B23371CFD87F5006743C0 /* Assets.xcassets */ = {isa = PBXFileReference; lastKnownFileType = folder.assetcatalog; path = Assets.xcassets; sourceTree = "<group>"; };
		366B233A1CFD87F5006743C0 /* Base */ = {isa = PBXFileReference; lastKnownFileType = file.storyboard; name = Base; path = Base.lproj/LaunchScreen.storyboard; sourceTree = "<group>"; };
		366B233C1CFD87F5006743C0 /* Info.plist */ = {isa = PBXFileReference; lastKnownFileType = text.plist.xml; path = Info.plist; sourceTree = "<group>"; };
		366B23421CFD8A63006743C0 /* LKTestModels.m */ = {isa = PBXFileReference; fileEncoding = 4; lastKnownFileType = sourcecode.c.objc; path = LKTestModels.m; sourceTree = "<group>"; };
		366B23431CFD8A63006743C0 /* LKTestModels.h */ = {isa = PBXFileReference; fileEncoding = 4; lastKnownFileType = sourcecode.c.h; path = LKTestModels.h; sourceTree = "<group>"; };
		366B23451CFD8CEB006743C0 /* Snip20130620_6.png */ = {isa = PBXFileReference; lastKnownFileType = image.png; name = Snip20130620_6.png; path = ../../screenshot/Snip20130620_6.png; sourceTree = "<group>"; };
		A05ED3193E536326FFEB6E6B /* libPods-iOS-Demo.a */ = {isa = PBXFileReference; explicitFileType = archive.ar; includeInIndex = 0; path = "libPods-iOS-Demo.a"; sourceTree = BUILT_PRODUCTS_DIR; };
		AC46E909280B6824E099951C /* Pods-iOS-Demo.release.xcconfig */ = {isa = PBXFileReference; includeInIndex = 1; lastKnownFileType = text.xcconfig; name = "Pods-iOS-Demo.release.xcconfig"; path = "Pods/Target Support Files/Pods-iOS-Demo/Pods-iOS-Demo.release.xcconfig"; sourceTree = "<group>"; };
/* End PBXFileReference section */

/* Begin PBXFrameworksBuildPhase section */
		366B23251CFD87F5006743C0 /* Frameworks */ = {
			isa = PBXFrameworksBuildPhase;
			buildActionMask = 2147483647;
			files = (
				6BCE93B2428F3E6E81B59859 /* libPods-iOS-Demo.a in Frameworks */,
			);
			runOnlyForDeploymentPostprocessing = 0;
		};
/* End PBXFrameworksBuildPhase section */

/* Begin PBXGroup section */
		366B231F1CFD87F5006743C0 = {
			isa = PBXGroup;
			children = (
				366B232A1CFD87F5006743C0 /* iOS-Demo */,
				366B23291CFD87F5006743C0 /* Products */,
				56BEF20A7ED730CD23D7555B /* Pods */,
				9C016E9C038F506B6823340A /* Frameworks */,
			);
			sourceTree = "<group>";
		};
		366B23291CFD87F5006743C0 /* Products */ = {
			isa = PBXGroup;
			children = (
				366B23281CFD87F5006743C0 /* iOS-Demo.app */,
			);
			name = Products;
			sourceTree = "<group>";
		};
		366B232A1CFD87F5006743C0 /* iOS-Demo */ = {
			isa = PBXGroup;
			children = (
				366B23451CFD8CEB006743C0 /* Snip20130620_6.png */,
				366B23431CFD8A63006743C0 /* LKTestModels.h */,
				366B23421CFD8A63006743C0 /* LKTestModels.m */,
				366B232E1CFD87F5006743C0 /* AppDelegate.h */,
				366B232F1CFD87F5006743C0 /* AppDelegate.m */,
				366B23371CFD87F5006743C0 /* Assets.xcassets */,
				366B23391CFD87F5006743C0 /* LaunchScreen.storyboard */,
				366B233C1CFD87F5006743C0 /* Info.plist */,
				366B232B1CFD87F5006743C0 /* Supporting Files */,
			);
			path = "iOS-Demo";
			sourceTree = "<group>";
		};
		366B232B1CFD87F5006743C0 /* Supporting Files */ = {
			isa = PBXGroup;
			children = (
				366B232C1CFD87F5006743C0 /* main.m */,
			);
			name = "Supporting Files";
			sourceTree = "<group>";
		};
		56BEF20A7ED730CD23D7555B /* Pods */ = {
			isa = PBXGroup;
			children = (
				04A320133495C12FA82ACD0B /* Pods-iOS-Demo.debug.xcconfig */,
				AC46E909280B6824E099951C /* Pods-iOS-Demo.release.xcconfig */,
			);
			name = Pods;
			sourceTree = "<group>";
		};
		9C016E9C038F506B6823340A /* Frameworks */ = {
			isa = PBXGroup;
			children = (
				A05ED3193E536326FFEB6E6B /* libPods-iOS-Demo.a */,
			);
			name = Frameworks;
			sourceTree = "<group>";
		};
/* End PBXGroup section */

/* Begin PBXNativeTarget section */
		366B23271CFD87F5006743C0 /* iOS-Demo */ = {
			isa = PBXNativeTarget;
			buildConfigurationList = 366B233F1CFD87F5006743C0 /* Build configuration list for PBXNativeTarget "iOS-Demo" */;
			buildPhases = (
				2508269027392FC2381A1D29 /* [CP] Check Pods Manifest.lock */,
				366B23241CFD87F5006743C0 /* Sources */,
				366B23251CFD87F5006743C0 /* Frameworks */,
				366B23261CFD87F5006743C0 /* Resources */,
				60C88738D1DEFB1825CEF022 /* [CP] Embed Pods Frameworks */,
				3BCEDBAA4CAFC23624D9C6CD /* [CP] Copy Pods Resources */,
			);
			buildRules = (
			);
			dependencies = (
			);
			name = "iOS-Demo";
			productName = "iOS-Demo";
			productReference = 366B23281CFD87F5006743C0 /* iOS-Demo.app */;
			productType = "com.apple.product-type.application";
		};
/* End PBXNativeTarget section */

/* Begin PBXProject section */
		366B23201CFD87F5006743C0 /* Project object */ = {
			isa = PBXProject;
			attributes = {
				LastUpgradeCheck = 0800;
				ORGANIZATIONNAME = ljh;
				TargetAttributes = {
					366B23271CFD87F5006743C0 = {
						CreatedOnToolsVersion = 7.3.1;
					};
				};
			};
			buildConfigurationList = 366B23231CFD87F5006743C0 /* Build configuration list for PBXProject "iOS-Demo" */;
			compatibilityVersion = "Xcode 3.2";
			developmentRegion = English;
			hasScannedForEncodings = 0;
			knownRegions = (
				en,
				Base,
			);
			mainGroup = 366B231F1CFD87F5006743C0;
			productRefGroup = 366B23291CFD87F5006743C0 /* Products */;
			projectDirPath = "";
			projectRoot = "";
			targets = (
				366B23271CFD87F5006743C0 /* iOS-Demo */,
			);
		};
/* End PBXProject section */

/* Begin PBXResourcesBuildPhase section */
		366B23261CFD87F5006743C0 /* Resources */ = {
			isa = PBXResourcesBuildPhase;
			buildActionMask = 2147483647;
			files = (
				366B233B1CFD87F5006743C0 /* LaunchScreen.storyboard in Resources */,
				366B23381CFD87F5006743C0 /* Assets.xcassets in Resources */,
				366B23461CFD8CEB006743C0 /* Snip20130620_6.png in Resources */,
			);
			runOnlyForDeploymentPostprocessing = 0;
		};
/* End PBXResourcesBuildPhase section */

/* Begin PBXShellScriptBuildPhase section */
		2508269027392FC2381A1D29 /* [CP] Check Pods Manifest.lock */ = {
			isa = PBXShellScriptBuildPhase;
			buildActionMask = 2147483647;
			files = (
			);
			inputPaths = (
				"${PODS_PODFILE_DIR_PATH}/Podfile.lock",
				"${PODS_ROOT}/Manifest.lock",
			);
			name = "[CP] Check Pods Manifest.lock";
			outputPaths = (
				"$(DERIVED_FILE_DIR)/Pods-iOS-Demo-checkManifestLockResult.txt",
			);
			runOnlyForDeploymentPostprocessing = 0;
			shellPath = /bin/sh;
			shellScript = "diff \"${PODS_PODFILE_DIR_PATH}/Podfile.lock\" \"${PODS_ROOT}/Manifest.lock\" > /dev/null\nif [ $? != 0 ] ; then\n    # print error to STDERR\n    echo \"error: The sandbox is not in sync with the Podfile.lock. Run 'pod install' or update your CocoaPods installation.\" >&2\n    exit 1\nfi\n# This output is used by Xcode 'outputs' to avoid re-running this script phase.\necho \"SUCCESS\" > \"${SCRIPT_OUTPUT_FILE_0}\"\n";
			showEnvVarsInLog = 0;
		};
		3BCEDBAA4CAFC23624D9C6CD /* [CP] Copy Pods Resources */ = {
			isa = PBXShellScriptBuildPhase;
			buildActionMask = 2147483647;
			files = (
			);
			inputPaths = (
			);
			name = "[CP] Copy Pods Resources";
			outputPaths = (
			);
			runOnlyForDeploymentPostprocessing = 0;
			shellPath = /bin/sh;
			shellScript = "\"${SRCROOT}/Pods/Target Support Files/Pods-iOS-Demo/Pods-iOS-Demo-resources.sh\"\n";
			showEnvVarsInLog = 0;
		};
		60C88738D1DEFB1825CEF022 /* [CP] Embed Pods Frameworks */ = {
			isa = PBXShellScriptBuildPhase;
			buildActionMask = 2147483647;
			files = (
			);
			inputPaths = (
			);
			name = "[CP] Embed Pods Frameworks";
			outputPaths = (
			);
			runOnlyForDeploymentPostprocessing = 0;
			shellPath = /bin/sh;
			shellScript = "\"${SRCROOT}/Pods/Target Support Files/Pods-iOS-Demo/Pods-iOS-Demo-frameworks.sh\"\n";
			showEnvVarsInLog = 0;
		};
/* End PBXShellScriptBuildPhase section */

/* Begin PBXSourcesBuildPhase section */
		366B23241CFD87F5006743C0 /* Sources */ = {
			isa = PBXSourcesBuildPhase;
			buildActionMask = 2147483647;
			files = (
				366B23441CFD8A63006743C0 /* LKTestModels.m in Sources */,
				366B23301CFD87F5006743C0 /* AppDelegate.m in Sources */,
				366B232D1CFD87F5006743C0 /* main.m in Sources */,
			);
			runOnlyForDeploymentPostprocessing = 0;
		};
/* End PBXSourcesBuildPhase section */

/* Begin PBXVariantGroup section */
		366B23391CFD87F5006743C0 /* LaunchScreen.storyboard */ = {
			isa = PBXVariantGroup;
			children = (
				366B233A1CFD87F5006743C0 /* Base */,
			);
			name = LaunchScreen.storyboard;
			sourceTree = "<group>";
		};
/* End PBXVariantGroup section */

/* Begin XCBuildConfiguration section */
		366B233D1CFD87F5006743C0 /* Debug */ = {
			isa = XCBuildConfiguration;
			buildSettings = {
				ALWAYS_SEARCH_USER_PATHS = NO;
				CLANG_ANALYZER_NONNULL = YES;
				CLANG_CXX_LANGUAGE_STANDARD = "gnu++0x";
				CLANG_CXX_LIBRARY = "libc++";
				CLANG_ENABLE_MODULES = YES;
				CLANG_ENABLE_OBJC_ARC = YES;
				CLANG_WARN_BOOL_CONVERSION = YES;
				CLANG_WARN_CONSTANT_CONVERSION = YES;
				CLANG_WARN_DIRECT_OBJC_ISA_USAGE = YES_ERROR;
				CLANG_WARN_EMPTY_BODY = YES;
				CLANG_WARN_ENUM_CONVERSION = YES;
				CLANG_WARN_INFINITE_RECURSION = YES;
				CLANG_WARN_INT_CONVERSION = YES;
				CLANG_WARN_OBJC_ROOT_CLASS = YES_ERROR;
				CLANG_WARN_SUSPICIOUS_MOVE = YES;
				CLANG_WARN_UNREACHABLE_CODE = YES;
				CLANG_WARN__DUPLICATE_METHOD_MATCH = YES;
				"CODE_SIGN_IDENTITY[sdk=iphoneos*]" = "iPhone Developer";
				COPY_PHASE_STRIP = NO;
				DEBUG_INFORMATION_FORMAT = dwarf;
				ENABLE_STRICT_OBJC_MSGSEND = YES;
				ENABLE_TESTABILITY = YES;
				GCC_C_LANGUAGE_STANDARD = gnu99;
				GCC_DYNAMIC_NO_PIC = NO;
				GCC_NO_COMMON_BLOCKS = YES;
				GCC_OPTIMIZATION_LEVEL = 0;
				GCC_PREPROCESSOR_DEFINITIONS = (
					"DEBUG=1",
					"$(inherited)",
				);
				GCC_WARN_64_TO_32_BIT_CONVERSION = YES;
				GCC_WARN_ABOUT_RETURN_TYPE = YES_ERROR;
				GCC_WARN_UNDECLARED_SELECTOR = YES;
				GCC_WARN_UNINITIALIZED_AUTOS = YES_AGGRESSIVE;
				GCC_WARN_UNUSED_FUNCTION = YES;
				GCC_WARN_UNUSED_VARIABLE = YES;
				IPHONEOS_DEPLOYMENT_TARGET = 8.0;
				MTL_ENABLE_DEBUG_INFO = YES;
				ONLY_ACTIVE_ARCH = YES;
				SDKROOT = iphoneos;
				TARGETED_DEVICE_FAMILY = "1,2";
			};
			name = Debug;
		};
		366B233E1CFD87F5006743C0 /* Release */ = {
			isa = XCBuildConfiguration;
			buildSettings = {
				ALWAYS_SEARCH_USER_PATHS = NO;
				CLANG_ANALYZER_NONNULL = YES;
				CLANG_CXX_LANGUAGE_STANDARD = "gnu++0x";
				CLANG_CXX_LIBRARY = "libc++";
				CLANG_ENABLE_MODULES = YES;
				CLANG_ENABLE_OBJC_ARC = YES;
				CLANG_WARN_BOOL_CONVERSION = YES;
				CLANG_WARN_CONSTANT_CONVERSION = YES;
				CLANG_WARN_DIRECT_OBJC_ISA_USAGE = YES_ERROR;
				CLANG_WARN_EMPTY_BODY = YES;
				CLANG_WARN_ENUM_CONVERSION = YES;
				CLANG_WARN_INFINITE_RECURSION = YES;
				CLANG_WARN_INT_CONVERSION = YES;
				CLANG_WARN_OBJC_ROOT_CLASS = YES_ERROR;
				CLANG_WARN_SUSPICIOUS_MOVE = YES;
				CLANG_WARN_UNREACHABLE_CODE = YES;
				CLANG_WARN__DUPLICATE_METHOD_MATCH = YES;
				"CODE_SIGN_IDENTITY[sdk=iphoneos*]" = "iPhone Developer";
				COPY_PHASE_STRIP = NO;
				DEBUG_INFORMATION_FORMAT = "dwarf-with-dsym";
				ENABLE_NS_ASSERTIONS = NO;
				ENABLE_STRICT_OBJC_MSGSEND = YES;
				GCC_C_LANGUAGE_STANDARD = gnu99;
				GCC_NO_COMMON_BLOCKS = YES;
				GCC_WARN_64_TO_32_BIT_CONVERSION = YES;
				GCC_WARN_ABOUT_RETURN_TYPE = YES_ERROR;
				GCC_WARN_UNDECLARED_SELECTOR = YES;
				GCC_WARN_UNINITIALIZED_AUTOS = YES_AGGRESSIVE;
				GCC_WARN_UNUSED_FUNCTION = YES;
				GCC_WARN_UNUSED_VARIABLE = YES;
				IPHONEOS_DEPLOYMENT_TARGET = 8.0;
				MTL_ENABLE_DEBUG_INFO = NO;
				SDKROOT = iphoneos;
				TARGETED_DEVICE_FAMILY = "1,2";
				VALIDATE_PRODUCT = YES;
			};
			name = Release;
		};
		366B23401CFD87F5006743C0 /* Debug */ = {
			isa = XCBuildConfiguration;
			baseConfigurationReference = 04A320133495C12FA82ACD0B /* Pods-iOS-Demo.debug.xcconfig */;
			buildSettings = {
				ASSETCATALOG_COMPILER_APPICON_NAME = AppIcon;
				INFOPLIST_FILE = "iOS-Demo/Info.plist";
				IPHONEOS_DEPLOYMENT_TARGET = 8.0;
				LD_RUNPATH_SEARCH_PATHS = "$(inherited) @executable_path/Frameworks";
				PRODUCT_BUNDLE_IDENTIFIER = "ljh.iOS-Demo";
				PRODUCT_NAME = "$(TARGET_NAME)";
			};
			name = Debug;
		};
		366B23411CFD87F5006743C0 /* Release */ = {
			isa = XCBuildConfiguration;
			baseConfigurationReference = AC46E909280B6824E099951C /* Pods-iOS-Demo.release.xcconfig */;
			buildSettings = {
				ASSETCATALOG_COMPILER_APPICON_NAME = AppIcon;
				INFOPLIST_FILE = "iOS-Demo/Info.plist";
				IPHONEOS_DEPLOYMENT_TARGET = 8.0;
				LD_RUNPATH_SEARCH_PATHS = "$(inherited) @executable_path/Frameworks";
				PRODUCT_BUNDLE_IDENTIFIER = "ljh.iOS-Demo";
				PRODUCT_NAME = "$(TARGET_NAME)";
			};
			name = Release;
		};
/* End XCBuildConfiguration section */

/* Begin XCConfigurationList section */
		366B23231CFD87F5006743C0 /* Build configuration list for PBXProject "iOS-Demo" */ = {
			isa = XCConfigurationList;
			buildConfigurations = (
				366B233D1CFD87F5006743C0 /* Debug */,
				366B233E1CFD87F5006743C0 /* Release */,
			);
			defaultConfigurationIsVisible = 0;
			defaultConfigurationName = Release;
		};
		366B233F1CFD87F5006743C0 /* Build configuration list for PBXNativeTarget "iOS-Demo" */ = {
			isa = XCConfigurationList;
			buildConfigurations = (
				366B23401CFD87F5006743C0 /* Debug */,
				366B23411CFD87F5006743C0 /* Release */,
			);
			defaultConfigurationIsVisible = 0;
			defaultConfigurationName = Release;
		};
/* End XCConfigurationList section */
	};
	rootObject = 366B23201CFD87F5006743C0 /* Project object */;
}
