PODS:
  - FMDB (2.6.2):
    - FMDB/standard (= 2.6.2)
  - FMDB/standard (2.6.2)
  - LKDBHelper (2.3.2):
    - FMDB

DEPENDENCIES:
  - LKDBHelper

SPEC CHECKSUMS:
  FMDB: 854a0341b4726e53276f2a8996f06f1b80f9259a
  LKDBHelper: 282cb4e56541e8f07d430465700bf2b891837a44

PODFILE CHECKSUM: 21f5851a057fd7dc5601e3d2806ec16c9e0e327b

COCOAPODS: 1.0.1
