// !$*UTF8*$!
{
	archiveVersion = 1;
	classes = {
	};
	objectVersion = 46;
	objects = {

/* Begin PBXBuildFile section */
		366B23491CFD8D17006743C0 /* LKTestModels.m in Sources */ = {isa = PBXBuildFile; fileRef = 366B23471CFD8D17006743C0 /* LKTestModels.m */; };
		366B234B1CFD8D20006743C0 /* Snip20130620_6.png in Resources */ = {isa = PBXBuildFile; fileRef = 366B234A1CFD8D20006743C0 /* Snip20130620_6.png */; };
		3FD6EB9753080E31E717D05C /* libPods-LKDB-Demo.a in Frameworks */ = {isa = PBXBuildFile; fileRef = 99315F78949F082F14C946C2 /* libPods-LKDB-Demo.a */; };
		C541086F18E27786009D0644 /* libsqlite3.0.dylib in Frameworks */ = {isa = PBXBuildFile; fileRef = C541086E18E27786009D0644 /* libsqlite3.0.dylib */; };
		C5549E5E18E2675D00F92DED /* Cocoa.framework in Frameworks */ = {isa = PBXBuildFile; fileRef = C5549E5D18E2675D00F92DED /* Cocoa.framework */; };
		C5549E6818E2675D00F92DED /* InfoPlist.strings in Resources */ = {isa = PBXBuildFile; fileRef = C5549E6618E2675D00F92DED /* InfoPlist.strings */; };
		C5549E6A18E2675D00F92DED /* main.m in Sources */ = {isa = PBXBuildFile; fileRef = C5549E6918E2675D00F92DED /* main.m */; };
		C5549E6E18E2675D00F92DED /* Credits.rtf in Resources */ = {isa = PBXBuildFile; fileRef = C5549E6C18E2675D00F92DED /* Credits.rtf */; };
		C5549E7118E2675D00F92DED /* LKAppDelegate.m in Sources */ = {isa = PBXBuildFile; fileRef = C5549E7018E2675D00F92DED /* LKAppDelegate.m */; };
		C5549E7418E2675D00F92DED /* MainMenu.xib in Resources */ = {isa = PBXBuildFile; fileRef = C5549E7218E2675D00F92DED /* MainMenu.xib */; };
		C5549E7618E2675D00F92DED /* Images.xcassets in Resources */ = {isa = PBXBuildFile; fileRef = C5549E7518E2675D00F92DED /* Images.xcassets */; };
/* End PBXBuildFile section */

/* Begin PBXFileReference section */
		366B23471CFD8D17006743C0 /* LKTestModels.m */ = {isa = PBXFileReference; fileEncoding = 4; lastKnownFileType = sourcecode.c.objc; path = LKTestModels.m; sourceTree = "<group>"; };
		366B23481CFD8D17006743C0 /* LKTestModels.h */ = {isa = PBXFileReference; fileEncoding = 4; lastKnownFileType = sourcecode.c.h; path = LKTestModels.h; sourceTree = "<group>"; };
		366B234A1CFD8D20006743C0 /* Snip20130620_6.png */ = {isa = PBXFileReference; lastKnownFileType = image.png; name = Snip20130620_6.png; path = ../../screenshot/Snip20130620_6.png; sourceTree = "<group>"; };
		40654376722B25A2212AEF70 /* Pods-LKDB-Demo.release.xcconfig */ = {isa = PBXFileReference; includeInIndex = 1; lastKnownFileType = text.xcconfig; name = "Pods-LKDB-Demo.release.xcconfig"; path = "Pods/Target Support Files/Pods-LKDB-Demo/Pods-LKDB-Demo.release.xcconfig"; sourceTree = "<group>"; };
		46DCE4EF486448C6DA5D363D /* Pods-LKDB-Demo.debug.xcconfig */ = {isa = PBXFileReference; includeInIndex = 1; lastKnownFileType = text.xcconfig; name = "Pods-LKDB-Demo.debug.xcconfig"; path = "Pods/Target Support Files/Pods-LKDB-Demo/Pods-LKDB-Demo.debug.xcconfig"; sourceTree = "<group>"; };
		99315F78949F082F14C946C2 /* libPods-LKDB-Demo.a */ = {isa = PBXFileReference; explicitFileType = archive.ar; includeInIndex = 0; path = "libPods-LKDB-Demo.a"; sourceTree = BUILT_PRODUCTS_DIR; };
		C541086E18E27786009D0644 /* libsqlite3.0.dylib */ = {isa = PBXFileReference; lastKnownFileType = "compiled.mach-o.dylib"; name = libsqlite3.0.dylib; path = usr/lib/libsqlite3.0.dylib; sourceTree = SDKROOT; };
		C5549E5A18E2675D00F92DED /* LKDB-Demo.app */ = {isa = PBXFileReference; explicitFileType = wrapper.application; includeInIndex = 0; path = "LKDB-Demo.app"; sourceTree = BUILT_PRODUCTS_DIR; };
		C5549E5D18E2675D00F92DED /* Cocoa.framework */ = {isa = PBXFileReference; lastKnownFileType = wrapper.framework; name = Cocoa.framework; path = System/Library/Frameworks/Cocoa.framework; sourceTree = SDKROOT; };
		C5549E6018E2675D00F92DED /* AppKit.framework */ = {isa = PBXFileReference; lastKnownFileType = wrapper.framework; name = AppKit.framework; path = System/Library/Frameworks/AppKit.framework; sourceTree = SDKROOT; };
		C5549E6118E2675D00F92DED /* CoreData.framework */ = {isa = PBXFileReference; lastKnownFileType = wrapper.framework; name = CoreData.framework; path = System/Library/Frameworks/CoreData.framework; sourceTree = SDKROOT; };
		C5549E6218E2675D00F92DED /* Foundation.framework */ = {isa = PBXFileReference; lastKnownFileType = wrapper.framework; name = Foundation.framework; path = System/Library/Frameworks/Foundation.framework; sourceTree = SDKROOT; };
		C5549E6518E2675D00F92DED /* LKDB-Demo-Info.plist */ = {isa = PBXFileReference; lastKnownFileType = text.plist.xml; path = "LKDB-Demo-Info.plist"; sourceTree = "<group>"; };
		C5549E6718E2675D00F92DED /* en */ = {isa = PBXFileReference; lastKnownFileType = text.plist.strings; name = en; path = en.lproj/InfoPlist.strings; sourceTree = "<group>"; };
		C5549E6918E2675D00F92DED /* main.m */ = {isa = PBXFileReference; lastKnownFileType = sourcecode.c.objc; path = main.m; sourceTree = "<group>"; };
		C5549E6B18E2675D00F92DED /* LKDB-Demo-Prefix.pch */ = {isa = PBXFileReference; lastKnownFileType = sourcecode.c.h; path = "LKDB-Demo-Prefix.pch"; sourceTree = "<group>"; };
		C5549E6D18E2675D00F92DED /* en */ = {isa = PBXFileReference; lastKnownFileType = text.rtf; name = en; path = en.lproj/Credits.rtf; sourceTree = "<group>"; };
		C5549E6F18E2675D00F92DED /* LKAppDelegate.h */ = {isa = PBXFileReference; lastKnownFileType = sourcecode.c.h; path = LKAppDelegate.h; sourceTree = "<group>"; };
		C5549E7018E2675D00F92DED /* LKAppDelegate.m */ = {isa = PBXFileReference; lastKnownFileType = sourcecode.c.objc; path = LKAppDelegate.m; sourceTree = "<group>"; };
		C5549E7318E2675D00F92DED /* Base */ = {isa = PBXFileReference; lastKnownFileType = file.xib; name = Base; path = Base.lproj/MainMenu.xib; sourceTree = "<group>"; };
		C5549E7518E2675D00F92DED /* Images.xcassets */ = {isa = PBXFileReference; lastKnownFileType = folder.assetcatalog; path = Images.xcassets; sourceTree = "<group>"; };
		C5549E7C18E2675D00F92DED /* XCTest.framework */ = {isa = PBXFileReference; lastKnownFileType = wrapper.framework; name = XCTest.framework; path = Library/Frameworks/XCTest.framework; sourceTree = DEVELOPER_DIR; };
/* End PBXFileReference section */

/* Begin PBXFrameworksBuildPhase section */
		C5549E5718E2675D00F92DED /* Frameworks */ = {
			isa = PBXFrameworksBuildPhase;
			buildActionMask = 2147483647;
			files = (
				C541086F18E27786009D0644 /* libsqlite3.0.dylib in Frameworks */,
				C5549E5E18E2675D00F92DED /* Cocoa.framework in Frameworks */,
				3FD6EB9753080E31E717D05C /* libPods-LKDB-Demo.a in Frameworks */,
			);
			runOnlyForDeploymentPostprocessing = 0;
		};
/* End PBXFrameworksBuildPhase section */

/* Begin PBXGroup section */
		B7149AE0793C081725AC5706 /* Pods */ = {
			isa = PBXGroup;
			children = (
				46DCE4EF486448C6DA5D363D /* Pods-LKDB-Demo.debug.xcconfig */,
				40654376722B25A2212AEF70 /* Pods-LKDB-Demo.release.xcconfig */,
			);
			name = Pods;
			sourceTree = "<group>";
		};
		C5549E5118E2675D00F92DED = {
			isa = PBXGroup;
			children = (
				C5549E6318E2675D00F92DED /* LKDB-Demo */,
				C5549E5C18E2675D00F92DED /* Frameworks */,
				C5549E5B18E2675D00F92DED /* Products */,
				B7149AE0793C081725AC5706 /* Pods */,
			);
			sourceTree = "<group>";
		};
		C5549E5B18E2675D00F92DED /* Products */ = {
			isa = PBXGroup;
			children = (
				C5549E5A18E2675D00F92DED /* LKDB-Demo.app */,
			);
			name = Products;
			sourceTree = "<group>";
		};
		C5549E5C18E2675D00F92DED /* Frameworks */ = {
			isa = PBXGroup;
			children = (
				C541086E18E27786009D0644 /* libsqlite3.0.dylib */,
				C5549E5D18E2675D00F92DED /* Cocoa.framework */,
				C5549E7C18E2675D00F92DED /* XCTest.framework */,
				C5549E5F18E2675D00F92DED /* Other Frameworks */,
				99315F78949F082F14C946C2 /* libPods-LKDB-Demo.a */,
			);
			name = Frameworks;
			sourceTree = "<group>";
		};
		C5549E5F18E2675D00F92DED /* Other Frameworks */ = {
			isa = PBXGroup;
			children = (
				C5549E6018E2675D00F92DED /* AppKit.framework */,
				C5549E6118E2675D00F92DED /* CoreData.framework */,
				C5549E6218E2675D00F92DED /* Foundation.framework */,
			);
			name = "Other Frameworks";
			sourceTree = "<group>";
		};
		C5549E6318E2675D00F92DED /* LKDB-Demo */ = {
			isa = PBXGroup;
			children = (
				366B234A1CFD8D20006743C0 /* Snip20130620_6.png */,
				366B23481CFD8D17006743C0 /* LKTestModels.h */,
				366B23471CFD8D17006743C0 /* LKTestModels.m */,
				C5549E6F18E2675D00F92DED /* LKAppDelegate.h */,
				C5549E7018E2675D00F92DED /* LKAppDelegate.m */,
				C5549E7218E2675D00F92DED /* MainMenu.xib */,
				C5549E7518E2675D00F92DED /* Images.xcassets */,
				C5549E6418E2675D00F92DED /* Supporting Files */,
			);
			path = "LKDB-Demo";
			sourceTree = "<group>";
		};
		C5549E6418E2675D00F92DED /* Supporting Files */ = {
			isa = PBXGroup;
			children = (
				C5549E6518E2675D00F92DED /* LKDB-Demo-Info.plist */,
				C5549E6618E2675D00F92DED /* InfoPlist.strings */,
				C5549E6918E2675D00F92DED /* main.m */,
				C5549E6B18E2675D00F92DED /* LKDB-Demo-Prefix.pch */,
				C5549E6C18E2675D00F92DED /* Credits.rtf */,
			);
			name = "Supporting Files";
			sourceTree = "<group>";
		};
/* End PBXGroup section */

/* Begin PBXNativeTarget section */
		C5549E5918E2675D00F92DED /* LKDB-Demo */ = {
			isa = PBXNativeTarget;
			buildConfigurationList = C5549E8B18E2675D00F92DED /* Build configuration list for PBXNativeTarget "LKDB-Demo" */;
			buildPhases = (
				602369954EB92204B21A7340 /* [CP] Check Pods Manifest.lock */,
				C5549E5618E2675D00F92DED /* Sources */,
				C5549E5718E2675D00F92DED /* Frameworks */,
				C5549E5818E2675D00F92DED /* Resources */,
				686DD3019C0E9C61D7DE306E /* [CP] Embed Pods Frameworks */,
				6EEB271FDB1FCC6F9CD9681F /* [CP] Copy Pods Resources */,
			);
			buildRules = (
			);
			dependencies = (
			);
			name = "LKDB-Demo";
			productName = "LKDB-Demo";
			productReference = C5549E5A18E2675D00F92DED /* LKDB-Demo.app */;
			productType = "com.apple.product-type.application";
		};
/* End PBXNativeTarget section */

/* Begin PBXProject section */
		C5549E5218E2675D00F92DED /* Project object */ = {
			isa = PBXProject;
			attributes = {
				CLASSPREFIX = LK;
				LastUpgradeCheck = 0510;
				ORGANIZATIONNAME = LJH;
			};
			buildConfigurationList = C5549E5518E2675D00F92DED /* Build configuration list for PBXProject "LKDB-Demo" */;
			compatibilityVersion = "Xcode 3.2";
			developmentRegion = English;
			hasScannedForEncodings = 0;
			knownRegions = (
				en,
				Base,
			);
			mainGroup = C5549E5118E2675D00F92DED;
			productRefGroup = C5549E5B18E2675D00F92DED /* Products */;
			projectDirPath = "";
			projectRoot = "";
			targets = (
				C5549E5918E2675D00F92DED /* LKDB-Demo */,
			);
		};
/* End PBXProject section */

/* Begin PBXResourcesBuildPhase section */
		C5549E5818E2675D00F92DED /* Resources */ = {
			isa = PBXResourcesBuildPhase;
			buildActionMask = 2147483647;
			files = (
				C5549E6818E2675D00F92DED /* InfoPlist.strings in Resources */,
				366B234B1CFD8D20006743C0 /* Snip20130620_6.png in Resources */,
				C5549E7618E2675D00F92DED /* Images.xcassets in Resources */,
				C5549E6E18E2675D00F92DED /* Credits.rtf in Resources */,
				C5549E7418E2675D00F92DED /* MainMenu.xib in Resources */,
			);
			runOnlyForDeploymentPostprocessing = 0;
		};
/* End PBXResourcesBuildPhase section */

/* Begin PBXShellScriptBuildPhase section */
		602369954EB92204B21A7340 /* [CP] Check Pods Manifest.lock */ = {
			isa = PBXShellScriptBuildPhase;
			buildActionMask = 2147483647;
			files = (
			);
			inputPaths = (
			);
			name = "[CP] Check Pods Manifest.lock";
			outputPaths = (
			);
			runOnlyForDeploymentPostprocessing = 0;
			shellPath = /bin/sh;
			shellScript = "diff \"${PODS_ROOT}/../Podfile.lock\" \"${PODS_ROOT}/Manifest.lock\" > /dev/null\nif [ $? != 0 ] ; then\n    # print error to STDERR\n    echo \"error: The sandbox is not in sync with the Podfile.lock. Run 'pod install' or update your CocoaPods installation.\" >&2\n    exit 1\nfi\n";
			showEnvVarsInLog = 0;
		};
		686DD3019C0E9C61D7DE306E /* [CP] Embed Pods Frameworks */ = {
			isa = PBXShellScriptBuildPhase;
			buildActionMask = 2147483647;
			files = (
			);
			inputPaths = (
			);
			name = "[CP] Embed Pods Frameworks";
			outputPaths = (
			);
			runOnlyForDeploymentPostprocessing = 0;
			shellPath = /bin/sh;
			shellScript = "\"${SRCROOT}/Pods/Target Support Files/Pods-LKDB-Demo/Pods-LKDB-Demo-frameworks.sh\"\n";
			showEnvVarsInLog = 0;
		};
		6EEB271FDB1FCC6F9CD9681F /* [CP] Copy Pods Resources */ = {
			isa = PBXShellScriptBuildPhase;
			buildActionMask = 2147483647;
			files = (
			);
			inputPaths = (
			);
			name = "[CP] Copy Pods Resources";
			outputPaths = (
			);
			runOnlyForDeploymentPostprocessing = 0;
			shellPath = /bin/sh;
			shellScript = "\"${SRCROOT}/Pods/Target Support Files/Pods-LKDB-Demo/Pods-LKDB-Demo-resources.sh\"\n";
			showEnvVarsInLog = 0;
		};
/* End PBXShellScriptBuildPhase section */

/* Begin PBXSourcesBuildPhase section */
		C5549E5618E2675D00F92DED /* Sources */ = {
			isa = PBXSourcesBuildPhase;
			buildActionMask = 2147483647;
			files = (
				366B23491CFD8D17006743C0 /* LKTestModels.m in Sources */,
				C5549E6A18E2675D00F92DED /* main.m in Sources */,
				C5549E7118E2675D00F92DED /* LKAppDelegate.m in Sources */,
			);
			runOnlyForDeploymentPostprocessing = 0;
		};
/* End PBXSourcesBuildPhase section */

/* Begin PBXVariantGroup section */
		C5549E6618E2675D00F92DED /* InfoPlist.strings */ = {
			isa = PBXVariantGroup;
			children = (
				C5549E6718E2675D00F92DED /* en */,
			);
			name = InfoPlist.strings;
			sourceTree = "<group>";
		};
		C5549E6C18E2675D00F92DED /* Credits.rtf */ = {
			isa = PBXVariantGroup;
			children = (
				C5549E6D18E2675D00F92DED /* en */,
			);
			name = Credits.rtf;
			sourceTree = "<group>";
		};
		C5549E7218E2675D00F92DED /* MainMenu.xib */ = {
			isa = PBXVariantGroup;
			children = (
				C5549E7318E2675D00F92DED /* Base */,
			);
			name = MainMenu.xib;
			sourceTree = "<group>";
		};
/* End PBXVariantGroup section */

/* Begin XCBuildConfiguration section */
		C5549E8918E2675D00F92DED /* Debug */ = {
			isa = XCBuildConfiguration;
			buildSettings = {
				ALWAYS_SEARCH_USER_PATHS = NO;
				CLANG_CXX_LANGUAGE_STANDARD = "gnu++0x";
				CLANG_CXX_LIBRARY = "libc++";
				CLANG_ENABLE_MODULES = YES;
				CLANG_ENABLE_OBJC_ARC = YES;
				CLANG_WARN_BOOL_CONVERSION = YES;
				CLANG_WARN_CONSTANT_CONVERSION = YES;
				CLANG_WARN_DIRECT_OBJC_ISA_USAGE = YES_ERROR;
				CLANG_WARN_EMPTY_BODY = YES;
				CLANG_WARN_ENUM_CONVERSION = YES;
				CLANG_WARN_INT_CONVERSION = YES;
				CLANG_WARN_OBJC_ROOT_CLASS = YES_ERROR;
				CLANG_WARN__DUPLICATE_METHOD_MATCH = YES;
				COPY_PHASE_STRIP = NO;
				GCC_C_LANGUAGE_STANDARD = gnu99;
				GCC_DYNAMIC_NO_PIC = NO;
				GCC_ENABLE_OBJC_EXCEPTIONS = YES;
				GCC_OPTIMIZATION_LEVEL = 0;
				GCC_PREPROCESSOR_DEFINITIONS = (
					"DEBUG=1",
					"$(inherited)",
				);
				GCC_SYMBOLS_PRIVATE_EXTERN = NO;
				GCC_WARN_64_TO_32_BIT_CONVERSION = YES;
				GCC_WARN_ABOUT_RETURN_TYPE = YES_ERROR;
				GCC_WARN_UNDECLARED_SELECTOR = YES;
				GCC_WARN_UNINITIALIZED_AUTOS = YES_AGGRESSIVE;
				GCC_WARN_UNUSED_FUNCTION = YES;
				GCC_WARN_UNUSED_VARIABLE = YES;
				MACOSX_DEPLOYMENT_TARGET = 10.9;
				ONLY_ACTIVE_ARCH = YES;
				SDKROOT = macosx;
			};
			name = Debug;
		};
		C5549E8A18E2675D00F92DED /* Release */ = {
			isa = XCBuildConfiguration;
			buildSettings = {
				ALWAYS_SEARCH_USER_PATHS = NO;
				CLANG_CXX_LANGUAGE_STANDARD = "gnu++0x";
				CLANG_CXX_LIBRARY = "libc++";
				CLANG_ENABLE_MODULES = YES;
				CLANG_ENABLE_OBJC_ARC = YES;
				CLANG_WARN_BOOL_CONVERSION = YES;
				CLANG_WARN_CONSTANT_CONVERSION = YES;
				CLANG_WARN_DIRECT_OBJC_ISA_USAGE = YES_ERROR;
				CLANG_WARN_EMPTY_BODY = YES;
				CLANG_WARN_ENUM_CONVERSION = YES;
				CLANG_WARN_INT_CONVERSION = YES;
				CLANG_WARN_OBJC_ROOT_CLASS = YES_ERROR;
				CLANG_WARN__DUPLICATE_METHOD_MATCH = YES;
				COPY_PHASE_STRIP = YES;
				DEBUG_INFORMATION_FORMAT = "dwarf-with-dsym";
				ENABLE_NS_ASSERTIONS = NO;
				GCC_C_LANGUAGE_STANDARD = gnu99;
				GCC_ENABLE_OBJC_EXCEPTIONS = YES;
				GCC_WARN_64_TO_32_BIT_CONVERSION = YES;
				GCC_WARN_ABOUT_RETURN_TYPE = YES_ERROR;
				GCC_WARN_UNDECLARED_SELECTOR = YES;
				GCC_WARN_UNINITIALIZED_AUTOS = YES_AGGRESSIVE;
				GCC_WARN_UNUSED_FUNCTION = YES;
				GCC_WARN_UNUSED_VARIABLE = YES;
				MACOSX_DEPLOYMENT_TARGET = 10.9;
				SDKROOT = macosx;
			};
			name = Release;
		};
		C5549E8C18E2675D00F92DED /* Debug */ = {
			isa = XCBuildConfiguration;
			baseConfigurationReference = 46DCE4EF486448C6DA5D363D /* Pods-LKDB-Demo.debug.xcconfig */;
			buildSettings = {
				ASSETCATALOG_COMPILER_APPICON_NAME = AppIcon;
				COMBINE_HIDPI_IMAGES = YES;
				GCC_PRECOMPILE_PREFIX_HEADER = YES;
				GCC_PREFIX_HEADER = "LKDB-Demo/LKDB-Demo-Prefix.pch";
				INFOPLIST_FILE = "LKDB-Demo/LKDB-Demo-Info.plist";
				MACOSX_DEPLOYMENT_TARGET = 10.6;
				ONLY_ACTIVE_ARCH = YES;
				PRODUCT_NAME = "$(TARGET_NAME)";
				WRAPPER_EXTENSION = app;
			};
			name = Debug;
		};
		C5549E8D18E2675D00F92DED /* Release */ = {
			isa = XCBuildConfiguration;
			baseConfigurationReference = 40654376722B25A2212AEF70 /* Pods-LKDB-Demo.release.xcconfig */;
			buildSettings = {
				ASSETCATALOG_COMPILER_APPICON_NAME = AppIcon;
				COMBINE_HIDPI_IMAGES = YES;
				GCC_PRECOMPILE_PREFIX_HEADER = YES;
				GCC_PREFIX_HEADER = "LKDB-Demo/LKDB-Demo-Prefix.pch";
				INFOPLIST_FILE = "LKDB-Demo/LKDB-Demo-Info.plist";
				MACOSX_DEPLOYMENT_TARGET = 10.6;
				ONLY_ACTIVE_ARCH = YES;
				PRODUCT_NAME = "$(TARGET_NAME)";
				WRAPPER_EXTENSION = app;
			};
			name = Release;
		};
/* End XCBuildConfiguration section */

/* Begin XCConfigurationList section */
		C5549E5518E2675D00F92DED /* Build configuration list for PBXProject "LKDB-Demo" */ = {
			isa = XCConfigurationList;
			buildConfigurations = (
				C5549E8918E2675D00F92DED /* Debug */,
				C5549E8A18E2675D00F92DED /* Release */,
			);
			defaultConfigurationIsVisible = 0;
			defaultConfigurationName = Release;
		};
		C5549E8B18E2675D00F92DED /* Build configuration list for PBXNativeTarget "LKDB-Demo" */ = {
			isa = XCConfigurationList;
			buildConfigurations = (
				C5549E8C18E2675D00F92DED /* Debug */,
				C5549E8D18E2675D00F92DED /* Release */,
			);
			defaultConfigurationIsVisible = 0;
			defaultConfigurationName = Release;
		};
/* End XCConfigurationList section */
	};
	rootObject = C5549E5218E2675D00F92DED /* Project object */;
}
